// !$*UTF8*$!
{
	archiveVersion = 1;
	classes = {
	};
	objectVersion = 55;
	objects = {

/* Begin PBXBuildFile section */
		54844C3FD69E01E615CFF16B /* Pods_Dalel.framework in Frameworks */ = {isa = PBXBuildFile; fileRef = D6A0A0FEC18C33B733889F49 /* Pods_Dalel.framework */; };
		FF5115E527BE72A600B9FAA0 /* AddComentViewModel.swift in Sources */ = {isa = PBXBuildFile; fileRef = FF5115E427BE72A600B9FAA0 /* AddComentViewModel.swift */; };
		FF5115E727BE8C4500B9FAA0 /* SubmitReview.swift in Sources */ = {isa = PBXBuildFile; fileRef = FF5115E627BE8C4500B9FAA0 /* SubmitReview.swift */; };
		FF5115E927BE923B00B9FAA0 /* SearchModel.swift in Sources */ = {isa = PBXBuildFile; fileRef = FF5115E827BE923B00B9FAA0 /* SearchModel.swift */; };
		FF5115EB27BE983B00B9FAA0 /* SearchViewModel.swift in Sources */ = {isa = PBXBuildFile; fileRef = FF5115EA27BE983B00B9FAA0 /* SearchViewModel.swift */; };
		FF5115ED27BEBD1000B9FAA0 /* ProfileModel.swift in Sources */ = {isa = PBXBuildFile; fileRef = FF5115EC27BEBD1000B9FAA0 /* ProfileModel.swift */; };
		FF5115F027BEBDA600B9FAA0 /* FavoriteModel.swift in Sources */ = {isa = PBXBuildFile; fileRef = FF5115EF27BEBDA500B9FAA0 /* FavoriteModel.swift */; };
		FF5115F227BECA2500B9FAA0 /* ProfileViewModel.swift in Sources */ = {isa = PBXBuildFile; fileRef = FF5115F127BECA2500B9FAA0 /* ProfileViewModel.swift */; };
		FF6100A227BC40CE001A7F31 /* CategoryCentersModel.swift in Sources */ = {isa = PBXBuildFile; fileRef = FF6100A127BC40CE001A7F31 /* CategoryCentersModel.swift */; };
		FF6100A527BC5420001A7F31 /* SingleCenterModel.swift in Sources */ = {isa = PBXBuildFile; fileRef = FF6100A427BC5420001A7F31 /* SingleCenterModel.swift */; };
		FF6100A827BC5AE1001A7F31 /* SchoolDetailesViewModel.swift in Sources */ = {isa = PBXBuildFile; fileRef = FF6100A727BC5AE1001A7F31 /* SchoolDetailesViewModel.swift */; };
		FF6100AB27BC5E3D001A7F31 /* ReviewModel.swift in Sources */ = {isa = PBXBuildFile; fileRef = FF6100AA27BC5E3D001A7F31 /* ReviewModel.swift */; };
		FF6100AE27BC63E7001A7F31 /* CommentTableViewCell.swift in Sources */ = {isa = PBXBuildFile; fileRef = FF6100AC27BC63E7001A7F31 /* CommentTableViewCell.swift */; };
		FF6100AF27BC63E7001A7F31 /* CommentTableViewCell.xib in Resources */ = {isa = PBXBuildFile; fileRef = FF6100AD27BC63E7001A7F31 /* CommentTableViewCell.xib */; };
		FF6100B127BC7686001A7F31 /* MakeFavoriteModel.swift in Sources */ = {isa = PBXBuildFile; fileRef = FF6100B027BC7686001A7F31 /* MakeFavoriteModel.swift */; };
		FF78AA4327A579ED0099F90F /* AppDelegate.swift in Sources */ = {isa = PBXBuildFile; fileRef = FF78AA4227A579ED0099F90F /* AppDelegate.swift */; };
		FF78AA4727A579ED0099F90F /* MainTabBar.swift in Sources */ = {isa = PBXBuildFile; fileRef = FF78AA4627A579ED0099F90F /* MainTabBar.swift */; };
		FF78AA4A27A579ED0099F90F /* Main.storyboard in Resources */ = {isa = PBXBuildFile; fileRef = FF78AA4827A579ED0099F90F /* Main.storyboard */; };
		FF78AA4C27A579EF0099F90F /* Assets.xcassets in Resources */ = {isa = PBXBuildFile; fileRef = FF78AA4B27A579EF0099F90F /* Assets.xcassets */; };
		FF78AA4F27A579EF0099F90F /* LaunchScreen.storyboard in Resources */ = {isa = PBXBuildFile; fileRef = FF78AA4D27A579EF0099F90F /* LaunchScreen.storyboard */; };
		FF7AC0E927B853830068D1DE /* BaseApi.swift in Sources */ = {isa = PBXBuildFile; fileRef = FF7AC0E827B853830068D1DE /* BaseApi.swift */; };
		FF7AC0EB27B8538F0068D1DE /* BaseApi.swift in Sources */ = {isa = PBXBuildFile; fileRef = FF7AC0EA27B8538F0068D1DE /* BaseApi.swift */; };
		FF7AC0ED27B853C50068D1DE /* BannerApi.swift in Sources */ = {isa = PBXBuildFile; fileRef = FF7AC0EC27B853C50068D1DE /* BannerApi.swift */; };
		FF7AC0EF27B853CF0068D1DE /* BannerModel.swift in Sources */ = {isa = PBXBuildFile; fileRef = FF7AC0EE27B853CF0068D1DE /* BannerModel.swift */; };
		FF7AC0F127B853E00068D1DE /* BannerNetworking.swift in Sources */ = {isa = PBXBuildFile; fileRef = FF7AC0F027B853E00068D1DE /* BannerNetworking.swift */; };
		FF7AC0F427B85B900068D1DE /* CategoriesCollectionViewCell.swift in Sources */ = {isa = PBXBuildFile; fileRef = FF7AC0F227B85B900068D1DE /* CategoriesCollectionViewCell.swift */; };
		FF7AC0F527B85B900068D1DE /* CategoriesCollectionViewCell.xib in Resources */ = {isa = PBXBuildFile; fileRef = FF7AC0F327B85B900068D1DE /* CategoriesCollectionViewCell.xib */; };
		FF7F21AB27ADFD5B007606DB /* ErrorResponse.swift in Sources */ = {isa = PBXBuildFile; fileRef = FF7F21A927ADFD5B007606DB /* ErrorResponse.swift */; };
		FF7F21AC27ADFD5B007606DB /* BaseResponse.swift in Sources */ = {isa = PBXBuildFile; fileRef = FF7F21AA27ADFD5B007606DB /* BaseResponse.swift */; };
		FF7F21AD27ADFD5B007606DB /* TargetType.swift in Sources */ = {isa = PBXBuildFile; fileRef = FF7F21A827ADFD5B007606DB /* TargetType.swift */; };
		FF7F21B427ADFD89007606DB /* BaseApi.swift in Sources */ = {isa = PBXBuildFile; fileRef = FF7F21B327ADFD89007606DB /* BaseApi.swift */; };
		FF7F21B727AE05C4007606DB /* EndPoints.swift in Sources */ = {isa = PBXBuildFile; fileRef = FF7F21B627AE05C4007606DB /* EndPoints.swift */; };
		FF7F21BB27AECB30007606DB /* Logout.swift in Sources */ = {isa = PBXBuildFile; fileRef = FF7F21BA27AECB30007606DB /* Logout.swift */; };
		FF7F21BE27AED210007606DB /* ProfileApi.swift in Sources */ = {isa = PBXBuildFile; fileRef = FF7F21BD27AED210007606DB /* ProfileApi.swift */; };
		FF7F21C027AED222007606DB /* ProfileNetworking.swift in Sources */ = {isa = PBXBuildFile; fileRef = FF7F21BF27AED222007606DB /* ProfileNetworking.swift */; };
		FF7F21C227AED458007606DB /* Router.swift in Sources */ = {isa = PBXBuildFile; fileRef = FF7F21C127AED458007606DB /* Router.swift */; };
		FF7F21DD27AEFBF9007606DB /* Alert.swift in Sources */ = {isa = PBXBuildFile; fileRef = FF7F21D327AEFBF8007606DB /* Alert.swift */; };
		FF7F21DE27AEFBF9007606DB /* UIButton + extension.swift in Sources */ = {isa = PBXBuildFile; fileRef = FF7F21CB27AEFBF7007606DB /* UIButton + extension.swift */; };
		FF7F21DF27AEFBF9007606DB /* UIView + extension.swift in Sources */ = {isa = PBXBuildFile; fileRef = FF7F21D627AEFBF9007606DB /* UIView + extension.swift */; };
		FF7F21E027AEFBF9007606DB /* CollectionCell + extension.swift in Sources */ = {isa = PBXBuildFile; fileRef = FF7F21CE27AEFBF8007606DB /* CollectionCell + extension.swift */; };
		FF7F21E127AEFBF9007606DB /* DispatchQueue + Extensions.swift in Sources */ = {isa = PBXBuildFile; fileRef = FF7F21CF27AEFBF8007606DB /* DispatchQueue + Extensions.swift */; };
		FF7F21E227AEFBF9007606DB /* HapticEffect.swift in Sources */ = {isa = PBXBuildFile; fileRef = FF7F21D427AEFBF8007606DB /* HapticEffect.swift */; };
		FF7F21E327AEFBF9007606DB /* imageSliderShowCong.swift in Sources */ = {isa = PBXBuildFile; fileRef = FF7F21D827AEFBF9007606DB /* imageSliderShowCong.swift */; };
		FF7F21E427AEFBF9007606DB /* Double + Extension.swift in Sources */ = {isa = PBXBuildFile; fileRef = FF7F21DC27AEFBF9007606DB /* Double + Extension.swift */; };
		FF7F21E527AEFBF9007606DB /* DesignView.swift in Sources */ = {isa = PBXBuildFile; fileRef = FF7F21D127AEFBF8007606DB /* DesignView.swift */; };
		FF7F21E627AEFBF9007606DB /* TimeHelper.swift in Sources */ = {isa = PBXBuildFile; fileRef = FF7F21D527AEFBF8007606DB /* TimeHelper.swift */; };
		FF7F21E727AEFBF9007606DB /* HelperK.swift in Sources */ = {isa = PBXBuildFile; fileRef = FF7F21CC27AEFBF7007606DB /* HelperK.swift */; };
		FF7F21E827AEFBF9007606DB /* HelperFunc.swift in Sources */ = {isa = PBXBuildFile; fileRef = FF7F21C827AEFBF7007606DB /* HelperFunc.swift */; };
		FF7F21E927AEFBF9007606DB /* CardView.swift in Sources */ = {isa = PBXBuildFile; fileRef = FF7F21D927AEFBF9007606DB /* CardView.swift */; };
		FF7F21EA27AEFBF9007606DB /* LottieHelper.swift in Sources */ = {isa = PBXBuildFile; fileRef = FF7F21D227AEFBF8007606DB /* LottieHelper.swift */; };
		FF7F21EB27AEFBF9007606DB /* LocalizationManager.swift in Sources */ = {isa = PBXBuildFile; fileRef = FF7F21D027AEFBF8007606DB /* LocalizationManager.swift */; };
		FF7F21EC27AEFBF9007606DB /* RightToLeftTransition.swift in Sources */ = {isa = PBXBuildFile; fileRef = FF7F21D727AEFBF9007606DB /* RightToLeftTransition.swift */; };
		FF7F21ED27AEFBF9007606DB /* General.swift in Sources */ = {isa = PBXBuildFile; fileRef = FF7F21CD27AEFBF7007606DB /* General.swift */; };
		FF7F21EE27AEFBF9007606DB /* TableView + Extesnions.swift in Sources */ = {isa = PBXBuildFile; fileRef = FF7F21CA27AEFBF7007606DB /* TableView + Extesnions.swift */; };
		FF7F21EF27AEFBFA007606DB /* TableViewController + extension.swift in Sources */ = {isa = PBXBuildFile; fileRef = FF7F21DA27AEFBF9007606DB /* TableViewController + extension.swift */; };
		FF7F21F027AEFBFA007606DB /* UITextField + extension.swift in Sources */ = {isa = PBXBuildFile; fileRef = FF7F21DB27AEFBF9007606DB /* UITextField + extension.swift */; };
		FF7F21F127AEFBFA007606DB /* ViewController + extensions.swift in Sources */ = {isa = PBXBuildFile; fileRef = FF7F21C927AEFBF7007606DB /* ViewController + extensions.swift */; };
		FF7F21F627AEFC23007606DB /* CheckLanguage.swift in Sources */ = {isa = PBXBuildFile; fileRef = FF7F21F527AEFC23007606DB /* CheckLanguage.swift */; };
		FF7F21F727AEFC23007606DB /* ActivityIndicatorManager.swift in Sources */ = {isa = PBXBuildFile; fileRef = FF7F21F427AEFC23007606DB /* ActivityIndicatorManager.swift */; };
		FF7F21F827AEFC23007606DB /* Str + Extension.swift in Sources */ = {isa = PBXBuildFile; fileRef = FF7F21F327AEFC23007606DB /* Str + Extension.swift */; };
		FF7F21FA27AEFC29007606DB /* Colors.swift in Sources */ = {isa = PBXBuildFile; fileRef = FF7F21F927AEFC28007606DB /* Colors.swift */; };
		FF7F21FD27AEFE54007606DB /* RegisterViewModel.swift in Sources */ = {isa = PBXBuildFile; fileRef = FF7F21FC27AEFE54007606DB /* RegisterViewModel.swift */; };
		FF7F21FF27AF0574007606DB /* AuthApi.swift in Sources */ = {isa = PBXBuildFile; fileRef = FF7F21B227ADFD62007606DB /* AuthApi.swift */; };
		FF7F220027AF0597007606DB /* RegisterModel.swift in Sources */ = {isa = PBXBuildFile; fileRef = FF7F21B027ADFD62007606DB /* RegisterModel.swift */; };
		FF7F220127AF05F9007606DB /* UsersNetworking.swift in Sources */ = {isa = PBXBuildFile; fileRef = FF7F21AF27ADFD62007606DB /* UsersNetworking.swift */; };
		FF7F620727B54014004D334E /* LoginViewModel.swift in Sources */ = {isa = PBXBuildFile; fileRef = FF7F620627B54014004D334E /* LoginViewModel.swift */; };
		FF7F620927B54FC8004D334E /* LoginModel.swift in Sources */ = {isa = PBXBuildFile; fileRef = FF7F620827B54FC8004D334E /* LoginModel.swift */; };
		FF7F620F27B5799B004D334E /* OnBoardingViewModel.swift in Sources */ = {isa = PBXBuildFile; fileRef = FF7F620E27B5799B004D334E /* OnBoardingViewModel.swift */; };
		FF7F621127B5CB31004D334E /* HomeViewModel.swift in Sources */ = {isa = PBXBuildFile; fileRef = FF7F621027B5CB31004D334E /* HomeViewModel.swift */; };
		FF7F621327B5CB5E004D334E /* Categories Api.swift in Sources */ = {isa = PBXBuildFile; fileRef = FF7F621227B5CB5E004D334E /* Categories Api.swift */; };
		FF7F621527B5CB7A004D334E /* CategoriesNetworking.swift in Sources */ = {isa = PBXBuildFile; fileRef = FF7F621427B5CB7A004D334E /* CategoriesNetworking.swift */; };
		FF7F621827B5CFE4004D334E /* CategoryModel.swift in Sources */ = {isa = PBXBuildFile; fileRef = FF7F621727B5CFE4004D334E /* CategoryModel.swift */; };
		FF7F621A27B5D7D5004D334E /* CenterModel.swift in Sources */ = {isa = PBXBuildFile; fileRef = FF7F621927B5D7D5004D334E /* CenterModel.swift */; };
		FF7F621C27B5DAA4004D334E /* CenterNetworking.swift in Sources */ = {isa = PBXBuildFile; fileRef = FF7F621B27B5DAA4004D334E /* CenterNetworking.swift */; };
		FF7F621E27B5DAAE004D334E /* CenterApi.swift in Sources */ = {isa = PBXBuildFile; fileRef = FF7F621D27B5DAAE004D334E /* CenterApi.swift */; };
		FF83A05327BDD070008C2DB2 /* LanguageViewModel.swift in Sources */ = {isa = PBXBuildFile; fileRef = FF83A05227BDD070008C2DB2 /* LanguageViewModel.swift */; };
		FF83A05527BDD601008C2DB2 /* SchoolsViewModel.swift in Sources */ = {isa = PBXBuildFile; fileRef = FF83A05427BDD601008C2DB2 /* SchoolsViewModel.swift */; };
		FFBFC36527A57FD00088C717 /* LoginViewController.swift in Sources */ = {isa = PBXBuildFile; fileRef = FFBFC36327A57FD00088C717 /* LoginViewController.swift */; };
		FFBFC36627A57FD00088C717 /* LoginViewController.xib in Resources */ = {isa = PBXBuildFile; fileRef = FFBFC36427A57FD00088C717 /* LoginViewController.xib */; };
		FFBFC36B27A580020088C717 /* RegisterViewController.swift in Sources */ = {isa = PBXBuildFile; fileRef = FFBFC36927A580020088C717 /* RegisterViewController.swift */; };
		FFBFC36C27A580020088C717 /* RegisterViewController.xib in Resources */ = {isa = PBXBuildFile; fileRef = FFBFC36A27A580020088C717 /* RegisterViewController.xib */; };
		FFBFC36F27A580360088C717 /* LanguageViewController.swift in Sources */ = {isa = PBXBuildFile; fileRef = FFBFC36D27A580360088C717 /* LanguageViewController.swift */; };
		FFBFC37027A580360088C717 /* LanguageViewController.xib in Resources */ = {isa = PBXBuildFile; fileRef = FFBFC36E27A580360088C717 /* LanguageViewController.xib */; };
		FFBFC37327A5804A0088C717 /* OnBoardingViewController.swift in Sources */ = {isa = PBXBuildFile; fileRef = FFBFC37127A5804A0088C717 /* OnBoardingViewController.swift */; };
		FFBFC37427A5804A0088C717 /* OnBoardingViewController.xib in Resources */ = {isa = PBXBuildFile; fileRef = FFBFC37227A5804A0088C717 /* OnBoardingViewController.xib */; };
		FFBFC37727A5808F0088C717 /* ResetPasswordViewController.swift in Sources */ = {isa = PBXBuildFile; fileRef = FFBFC37527A5808F0088C717 /* ResetPasswordViewController.swift */; };
		FFBFC37827A5808F0088C717 /* ResetPasswordViewController.xib in Resources */ = {isa = PBXBuildFile; fileRef = FFBFC37627A5808F0088C717 /* ResetPasswordViewController.xib */; };
		FFBFC37B27A580B00088C717 /* VerificationViewController.swift in Sources */ = {isa = PBXBuildFile; fileRef = FFBFC37927A580B00088C717 /* VerificationViewController.swift */; };
		FFBFC37C27A580B00088C717 /* VerificationViewController.xib in Resources */ = {isa = PBXBuildFile; fileRef = FFBFC37A27A580B00088C717 /* VerificationViewController.xib */; };
		FFBFC38527A582050088C717 /* HomeTableViewController.swift in Sources */ = {isa = PBXBuildFile; fileRef = FFBFC38327A582050088C717 /* HomeTableViewController.swift */; };
		FFBFC38A27A5844B0088C717 /* SchoolsViewController.swift in Sources */ = {isa = PBXBuildFile; fileRef = FFBFC38827A5844B0088C717 /* SchoolsViewController.swift */; };
		FFBFC38B27A5844B0088C717 /* SchoolsViewController.xib in Resources */ = {isa = PBXBuildFile; fileRef = FFBFC38927A5844B0088C717 /* SchoolsViewController.xib */; };
		FFBFC38F27A584A00088C717 /* SchoolDetailsViewController.swift in Sources */ = {isa = PBXBuildFile; fileRef = FFBFC38D27A584A00088C717 /* SchoolDetailsViewController.swift */; };
		FFBFC39027A584A00088C717 /* SchoolDetailsViewController.xib in Resources */ = {isa = PBXBuildFile; fileRef = FFBFC38E27A584A00088C717 /* SchoolDetailsViewController.xib */; };
		FFBFC39427A584DD0088C717 /* AddCommentViewController.swift in Sources */ = {isa = PBXBuildFile; fileRef = FFBFC39227A584DD0088C717 /* AddCommentViewController.swift */; };
		FFBFC39527A584DD0088C717 /* AddCommentViewController.xib in Resources */ = {isa = PBXBuildFile; fileRef = FFBFC39327A584DD0088C717 /* AddCommentViewController.xib */; };
		FFBFC39927A585280088C717 /* SearchViewController.swift in Sources */ = {isa = PBXBuildFile; fileRef = FFBFC39727A585280088C717 /* SearchViewController.swift */; };
		FFBFC39A27A585280088C717 /* SearchViewController.xib in Resources */ = {isa = PBXBuildFile; fileRef = FFBFC39827A585280088C717 /* SearchViewController.xib */; };
		FFBFC39E27A585490088C717 /* SpecificSearchViewController.swift in Sources */ = {isa = PBXBuildFile; fileRef = FFBFC39C27A585490088C717 /* SpecificSearchViewController.swift */; };
		FFBFC39F27A585490088C717 /* SpecificSearchViewController.xib in Resources */ = {isa = PBXBuildFile; fileRef = FFBFC39D27A585490088C717 /* SpecificSearchViewController.xib */; };
		FFBFC3A227A585AF0088C717 /* FavoriteViewController.swift in Sources */ = {isa = PBXBuildFile; fileRef = FFBFC3A127A585AF0088C717 /* FavoriteViewController.swift */; };
		FFBFC3A427A585E30088C717 /* NotificationViewController.swift in Sources */ = {isa = PBXBuildFile; fileRef = FFBFC3A327A585E30088C717 /* NotificationViewController.swift */; };
		FFBFC3A627A586290088C717 /* ProfileViewController.swift in Sources */ = {isa = PBXBuildFile; fileRef = FFBFC3A527A586290088C717 /* ProfileViewController.swift */; };
		FFBFC3A927A586480088C717 /* AddPlaceViewController.swift in Sources */ = {isa = PBXBuildFile; fileRef = FFBFC3A727A586480088C717 /* AddPlaceViewController.swift */; };
		FFBFC3AA27A586480088C717 /* AddPlaceViewController.xib in Resources */ = {isa = PBXBuildFile; fileRef = FFBFC3A827A586480088C717 /* AddPlaceViewController.xib */; };
		FFBFC3B327A586A50088C717 /* OurVisionViewController.swift in Sources */ = {isa = PBXBuildFile; fileRef = FFBFC3B127A586A50088C717 /* OurVisionViewController.swift */; };
		FFBFC3B427A586A50088C717 /* OurVisionViewController.xib in Resources */ = {isa = PBXBuildFile; fileRef = FFBFC3B227A586A50088C717 /* OurVisionViewController.xib */; };
		FFBFC3B727A586BC0088C717 /* OurGoalViewController.swift in Sources */ = {isa = PBXBuildFile; fileRef = FFBFC3B527A586BC0088C717 /* OurGoalViewController.swift */; };
		FFBFC3B827A586BC0088C717 /* OurGoalViewController.xib in Resources */ = {isa = PBXBuildFile; fileRef = FFBFC3B627A586BC0088C717 /* OurGoalViewController.xib */; };
		FFBFC3BD27A5870E0088C717 /* ContactUsViewController.swift in Sources */ = {isa = PBXBuildFile; fileRef = FFBFC3BB27A5870E0088C717 /* ContactUsViewController.swift */; };
		FFBFC3BE27A5870E0088C717 /* ContactUsViewController.xib in Resources */ = {isa = PBXBuildFile; fileRef = FFBFC3BC27A5870E0088C717 /* ContactUsViewController.xib */; };
		FFBFC3C227A587320088C717 /* TermsAndConditionViewController.swift in Sources */ = {isa = PBXBuildFile; fileRef = FFBFC3C027A587320088C717 /* TermsAndConditionViewController.swift */; };
		FFBFC3C327A587320088C717 /* TermsAndConditionViewController.xib in Resources */ = {isa = PBXBuildFile; fileRef = FFBFC3C127A587320088C717 /* TermsAndConditionViewController.xib */; };
		FFBFC3D427A5AFBA0088C717 /* PlacesTableViewController.swift in Sources */ = {isa = PBXBuildFile; fileRef = FFBFC3D227A5AFBA0088C717 /* PlacesTableViewController.swift */; };
		FFBFC3D527A5AFBA0088C717 /* PlacesTableViewController.xib in Resources */ = {isa = PBXBuildFile; fileRef = FFBFC3D327A5AFBA0088C717 /* PlacesTableViewController.xib */; };
/* End PBXBuildFile section */

/* Begin PBXFileReference section */
		D39720B9AF372EB3449E031F /* Pods-Dalel.release.xcconfig */ = {isa = PBXFileReference; includeInIndex = 1; lastKnownFileType = text.xcconfig; name = "Pods-Dalel.release.xcconfig"; path = "Target Support Files/Pods-Dalel/Pods-Dalel.release.xcconfig"; sourceTree = "<group>"; };
		D6A0A0FEC18C33B733889F49 /* Pods_Dalel.framework */ = {isa = PBXFileReference; explicitFileType = wrapper.framework; includeInIndex = 0; path = Pods_Dalel.framework; sourceTree = BUILT_PRODUCTS_DIR; };
		DDAE285294AE5A146EF7BAFC /* Pods-Dalel.debug.xcconfig */ = {isa = PBXFileReference; includeInIndex = 1; lastKnownFileType = text.xcconfig; name = "Pods-Dalel.debug.xcconfig"; path = "Target Support Files/Pods-Dalel/Pods-Dalel.debug.xcconfig"; sourceTree = "<group>"; };
		FF5115E427BE72A600B9FAA0 /* AddComentViewModel.swift */ = {isa = PBXFileReference; lastKnownFileType = sourcecode.swift; path = AddComentViewModel.swift; sourceTree = "<group>"; };
		FF5115E627BE8C4500B9FAA0 /* SubmitReview.swift */ = {isa = PBXFileReference; lastKnownFileType = sourcecode.swift; path = SubmitReview.swift; sourceTree = "<group>"; };
		FF5115E827BE923B00B9FAA0 /* SearchModel.swift */ = {isa = PBXFileReference; lastKnownFileType = sourcecode.swift; path = SearchModel.swift; sourceTree = "<group>"; };
		FF5115EA27BE983B00B9FAA0 /* SearchViewModel.swift */ = {isa = PBXFileReference; lastKnownFileType = sourcecode.swift; path = SearchViewModel.swift; sourceTree = "<group>"; };
		FF5115EC27BEBD1000B9FAA0 /* ProfileModel.swift */ = {isa = PBXFileReference; lastKnownFileType = sourcecode.swift; path = ProfileModel.swift; sourceTree = "<group>"; };
		FF5115EF27BEBDA500B9FAA0 /* FavoriteModel.swift */ = {isa = PBXFileReference; lastKnownFileType = sourcecode.swift; path = FavoriteModel.swift; sourceTree = "<group>"; };
		FF5115F127BECA2500B9FAA0 /* ProfileViewModel.swift */ = {isa = PBXFileReference; lastKnownFileType = sourcecode.swift; path = ProfileViewModel.swift; sourceTree = "<group>"; };
		FF6100A127BC40CE001A7F31 /* CategoryCentersModel.swift */ = {isa = PBXFileReference; lastKnownFileType = sourcecode.swift; path = CategoryCentersModel.swift; sourceTree = "<group>"; };
		FF6100A427BC5420001A7F31 /* SingleCenterModel.swift */ = {isa = PBXFileReference; lastKnownFileType = sourcecode.swift; path = SingleCenterModel.swift; sourceTree = "<group>"; };
		FF6100A727BC5AE1001A7F31 /* SchoolDetailesViewModel.swift */ = {isa = PBXFileReference; lastKnownFileType = sourcecode.swift; path = SchoolDetailesViewModel.swift; sourceTree = "<group>"; };
		FF6100AA27BC5E3D001A7F31 /* ReviewModel.swift */ = {isa = PBXFileReference; lastKnownFileType = sourcecode.swift; path = ReviewModel.swift; sourceTree = "<group>"; };
		FF6100AC27BC63E7001A7F31 /* CommentTableViewCell.swift */ = {isa = PBXFileReference; lastKnownFileType = sourcecode.swift; path = CommentTableViewCell.swift; sourceTree = "<group>"; };
		FF6100AD27BC63E7001A7F31 /* CommentTableViewCell.xib */ = {isa = PBXFileReference; lastKnownFileType = file.xib; path = CommentTableViewCell.xib; sourceTree = "<group>"; };
		FF6100B027BC7686001A7F31 /* MakeFavoriteModel.swift */ = {isa = PBXFileReference; lastKnownFileType = sourcecode.swift; path = MakeFavoriteModel.swift; sourceTree = "<group>"; };
		FF78AA3F27A579ED0099F90F /* Dalel.app */ = {isa = PBXFileReference; explicitFileType = wrapper.application; includeInIndex = 0; path = Dalel.app; sourceTree = BUILT_PRODUCTS_DIR; };
		FF78AA4227A579ED0099F90F /* AppDelegate.swift */ = {isa = PBXFileReference; lastKnownFileType = sourcecode.swift; path = AppDelegate.swift; sourceTree = "<group>"; };
		FF78AA4627A579ED0099F90F /* MainTabBar.swift */ = {isa = PBXFileReference; lastKnownFileType = sourcecode.swift; path = MainTabBar.swift; sourceTree = "<group>"; };
		FF78AA4927A579ED0099F90F /* Base */ = {isa = PBXFileReference; lastKnownFileType = file.storyboard; name = Base; path = Base.lproj/Main.storyboard; sourceTree = "<group>"; };
		FF78AA4B27A579EF0099F90F /* Assets.xcassets */ = {isa = PBXFileReference; lastKnownFileType = folder.assetcatalog; path = Assets.xcassets; sourceTree = "<group>"; };
		FF78AA4E27A579EF0099F90F /* Base */ = {isa = PBXFileReference; lastKnownFileType = file.storyboard; name = Base; path = Base.lproj/LaunchScreen.storyboard; sourceTree = "<group>"; };
		FF7AC0E727B853700068D1DE /* BaseApi.swift */ = {isa = PBXFileReference; lastKnownFileType = sourcecode.swift; path = BaseApi.swift; sourceTree = "<group>"; };
		FF7AC0E827B853830068D1DE /* BaseApi.swift */ = {isa = PBXFileReference; lastKnownFileType = sourcecode.swift; name = BaseApi.swift; path = ../../../../Baladna/Baladna/NetworkLayer/BaseNetwork/BaseApi.swift; sourceTree = "<group>"; };
		FF7AC0EA27B8538F0068D1DE /* BaseApi.swift */ = {isa = PBXFileReference; lastKnownFileType = sourcecode.swift; name = BaseApi.swift; path = ../../../../Baladna/Baladna/NetworkLayer/BaseNetwork/BaseApi.swift; sourceTree = "<group>"; };
		FF7AC0EC27B853C50068D1DE /* BannerApi.swift */ = {isa = PBXFileReference; lastKnownFileType = sourcecode.swift; path = BannerApi.swift; sourceTree = "<group>"; };
		FF7AC0EE27B853CF0068D1DE /* BannerModel.swift */ = {isa = PBXFileReference; lastKnownFileType = sourcecode.swift; path = BannerModel.swift; sourceTree = "<group>"; };
		FF7AC0F027B853E00068D1DE /* BannerNetworking.swift */ = {isa = PBXFileReference; lastKnownFileType = sourcecode.swift; path = BannerNetworking.swift; sourceTree = "<group>"; };
		FF7AC0F227B85B900068D1DE /* CategoriesCollectionViewCell.swift */ = {isa = PBXFileReference; lastKnownFileType = sourcecode.swift; path = CategoriesCollectionViewCell.swift; sourceTree = "<group>"; };
		FF7AC0F327B85B900068D1DE /* CategoriesCollectionViewCell.xib */ = {isa = PBXFileReference; lastKnownFileType = file.xib; path = CategoriesCollectionViewCell.xib; sourceTree = "<group>"; };
		FF7F21A827ADFD5B007606DB /* TargetType.swift */ = {isa = PBXFileReference; lastKnownFileType = sourcecode.swift; path = TargetType.swift; sourceTree = "<group>"; };
		FF7F21A927ADFD5B007606DB /* ErrorResponse.swift */ = {isa = PBXFileReference; lastKnownFileType = sourcecode.swift; path = ErrorResponse.swift; sourceTree = "<group>"; };
		FF7F21AA27ADFD5B007606DB /* BaseResponse.swift */ = {isa = PBXFileReference; lastKnownFileType = sourcecode.swift; path = BaseResponse.swift; sourceTree = "<group>"; };
		FF7F21AF27ADFD62007606DB /* UsersNetworking.swift */ = {isa = PBXFileReference; lastKnownFileType = sourcecode.swift; path = UsersNetworking.swift; sourceTree = "<group>"; };
		FF7F21B027ADFD62007606DB /* RegisterModel.swift */ = {isa = PBXFileReference; lastKnownFileType = sourcecode.swift; path = RegisterModel.swift; sourceTree = "<group>"; };
		FF7F21B227ADFD62007606DB /* AuthApi.swift */ = {isa = PBXFileReference; lastKnownFileType = sourcecode.swift; path = AuthApi.swift; sourceTree = "<group>"; };
		FF7F21B327ADFD89007606DB /* BaseApi.swift */ = {isa = PBXFileReference; fileEncoding = 4; lastKnownFileType = sourcecode.swift; name = BaseApi.swift; path = ../../../Baladna/Baladna/NetworkLayer/BaseNetwork/BaseApi.swift; sourceTree = "<group>"; };
		FF7F21B627AE05C4007606DB /* EndPoints.swift */ = {isa = PBXFileReference; lastKnownFileType = sourcecode.swift; path = EndPoints.swift; sourceTree = "<group>"; };
		FF7F21BA27AECB30007606DB /* Logout.swift */ = {isa = PBXFileReference; lastKnownFileType = sourcecode.swift; path = Logout.swift; sourceTree = "<group>"; };
		FF7F21BD27AED210007606DB /* ProfileApi.swift */ = {isa = PBXFileReference; lastKnownFileType = sourcecode.swift; path = ProfileApi.swift; sourceTree = "<group>"; };
		FF7F21BF27AED222007606DB /* ProfileNetworking.swift */ = {isa = PBXFileReference; lastKnownFileType = sourcecode.swift; path = ProfileNetworking.swift; sourceTree = "<group>"; };
		FF7F21C127AED458007606DB /* Router.swift */ = {isa = PBXFileReference; fileEncoding = 4; lastKnownFileType = sourcecode.swift; path = Router.swift; sourceTree = "<group>"; };
		FF7F21C427AED8FB007606DB /* Info.plist */ = {isa = PBXFileReference; fileEncoding = 4; lastKnownFileType = text.plist.xml; path = Info.plist; sourceTree = "<group>"; };
		FF7F21C827AEFBF7007606DB /* HelperFunc.swift */ = {isa = PBXFileReference; lastKnownFileType = sourcecode.swift; path = HelperFunc.swift; sourceTree = "<group>"; };
		FF7F21C927AEFBF7007606DB /* ViewController + extensions.swift */ = {isa = PBXFileReference; lastKnownFileType = sourcecode.swift; path = "ViewController + extensions.swift"; sourceTree = "<group>"; };
		FF7F21CA27AEFBF7007606DB /* TableView + Extesnions.swift */ = {isa = PBXFileReference; lastKnownFileType = sourcecode.swift; path = "TableView + Extesnions.swift"; sourceTree = "<group>"; };
		FF7F21CB27AEFBF7007606DB /* UIButton + extension.swift */ = {isa = PBXFileReference; lastKnownFileType = sourcecode.swift; path = "UIButton + extension.swift"; sourceTree = "<group>"; };
		FF7F21CC27AEFBF7007606DB /* HelperK.swift */ = {isa = PBXFileReference; lastKnownFileType = sourcecode.swift; path = HelperK.swift; sourceTree = "<group>"; };
		FF7F21CD27AEFBF7007606DB /* General.swift */ = {isa = PBXFileReference; lastKnownFileType = sourcecode.swift; path = General.swift; sourceTree = "<group>"; };
		FF7F21CE27AEFBF8007606DB /* CollectionCell + extension.swift */ = {isa = PBXFileReference; lastKnownFileType = sourcecode.swift; path = "CollectionCell + extension.swift"; sourceTree = "<group>"; };
		FF7F21CF27AEFBF8007606DB /* DispatchQueue + Extensions.swift */ = {isa = PBXFileReference; lastKnownFileType = sourcecode.swift; path = "DispatchQueue + Extensions.swift"; sourceTree = "<group>"; };
		FF7F21D027AEFBF8007606DB /* LocalizationManager.swift */ = {isa = PBXFileReference; lastKnownFileType = sourcecode.swift; path = LocalizationManager.swift; sourceTree = "<group>"; };
		FF7F21D127AEFBF8007606DB /* DesignView.swift */ = {isa = PBXFileReference; lastKnownFileType = sourcecode.swift; path = DesignView.swift; sourceTree = "<group>"; };
		FF7F21D227AEFBF8007606DB /* LottieHelper.swift */ = {isa = PBXFileReference; lastKnownFileType = sourcecode.swift; path = LottieHelper.swift; sourceTree = "<group>"; };
		FF7F21D327AEFBF8007606DB /* Alert.swift */ = {isa = PBXFileReference; lastKnownFileType = sourcecode.swift; path = Alert.swift; sourceTree = "<group>"; };
		FF7F21D427AEFBF8007606DB /* HapticEffect.swift */ = {isa = PBXFileReference; lastKnownFileType = sourcecode.swift; path = HapticEffect.swift; sourceTree = "<group>"; };
		FF7F21D527AEFBF8007606DB /* TimeHelper.swift */ = {isa = PBXFileReference; lastKnownFileType = sourcecode.swift; path = TimeHelper.swift; sourceTree = "<group>"; };
		FF7F21D627AEFBF9007606DB /* UIView + extension.swift */ = {isa = PBXFileReference; lastKnownFileType = sourcecode.swift; path = "UIView + extension.swift"; sourceTree = "<group>"; };
		FF7F21D727AEFBF9007606DB /* RightToLeftTransition.swift */ = {isa = PBXFileReference; lastKnownFileType = sourcecode.swift; path = RightToLeftTransition.swift; sourceTree = "<group>"; };
		FF7F21D827AEFBF9007606DB /* imageSliderShowCong.swift */ = {isa = PBXFileReference; lastKnownFileType = sourcecode.swift; path = imageSliderShowCong.swift; sourceTree = "<group>"; };
		FF7F21D927AEFBF9007606DB /* CardView.swift */ = {isa = PBXFileReference; lastKnownFileType = sourcecode.swift; path = CardView.swift; sourceTree = "<group>"; };
		FF7F21DA27AEFBF9007606DB /* TableViewController + extension.swift */ = {isa = PBXFileReference; lastKnownFileType = sourcecode.swift; path = "TableViewController + extension.swift"; sourceTree = "<group>"; };
		FF7F21DB27AEFBF9007606DB /* UITextField + extension.swift */ = {isa = PBXFileReference; lastKnownFileType = sourcecode.swift; path = "UITextField + extension.swift"; sourceTree = "<group>"; };
		FF7F21DC27AEFBF9007606DB /* Double + Extension.swift */ = {isa = PBXFileReference; lastKnownFileType = sourcecode.swift; path = "Double + Extension.swift"; sourceTree = "<group>"; };
		FF7F21F327AEFC23007606DB /* Str + Extension.swift */ = {isa = PBXFileReference; lastKnownFileType = sourcecode.swift; path = "Str + Extension.swift"; sourceTree = "<group>"; };
		FF7F21F427AEFC23007606DB /* ActivityIndicatorManager.swift */ = {isa = PBXFileReference; lastKnownFileType = sourcecode.swift; path = ActivityIndicatorManager.swift; sourceTree = "<group>"; };
		FF7F21F527AEFC23007606DB /* CheckLanguage.swift */ = {isa = PBXFileReference; lastKnownFileType = sourcecode.swift; path = CheckLanguage.swift; sourceTree = "<group>"; };
		FF7F21F927AEFC28007606DB /* Colors.swift */ = {isa = PBXFileReference; lastKnownFileType = sourcecode.swift; path = Colors.swift; sourceTree = "<group>"; };
		FF7F21FC27AEFE54007606DB /* RegisterViewModel.swift */ = {isa = PBXFileReference; lastKnownFileType = sourcecode.swift; path = RegisterViewModel.swift; sourceTree = "<group>"; };
		FF7F620627B54014004D334E /* LoginViewModel.swift */ = {isa = PBXFileReference; lastKnownFileType = sourcecode.swift; path = LoginViewModel.swift; sourceTree = "<group>"; };
		FF7F620827B54FC8004D334E /* LoginModel.swift */ = {isa = PBXFileReference; lastKnownFileType = sourcecode.swift; path = LoginModel.swift; sourceTree = "<group>"; };
		FF7F620E27B5799B004D334E /* OnBoardingViewModel.swift */ = {isa = PBXFileReference; lastKnownFileType = sourcecode.swift; path = OnBoardingViewModel.swift; sourceTree = "<group>"; };
		FF7F621027B5CB31004D334E /* HomeViewModel.swift */ = {isa = PBXFileReference; lastKnownFileType = sourcecode.swift; path = HomeViewModel.swift; sourceTree = "<group>"; };
		FF7F621227B5CB5E004D334E /* Categories Api.swift */ = {isa = PBXFileReference; lastKnownFileType = sourcecode.swift; path = "Categories Api.swift"; sourceTree = "<group>"; };
		FF7F621427B5CB7A004D334E /* CategoriesNetworking.swift */ = {isa = PBXFileReference; lastKnownFileType = sourcecode.swift; path = CategoriesNetworking.swift; sourceTree = "<group>"; };
		FF7F621727B5CFE4004D334E /* CategoryModel.swift */ = {isa = PBXFileReference; lastKnownFileType = sourcecode.swift; path = CategoryModel.swift; sourceTree = "<group>"; };
		FF7F621927B5D7D5004D334E /* CenterModel.swift */ = {isa = PBXFileReference; lastKnownFileType = sourcecode.swift; path = CenterModel.swift; sourceTree = "<group>"; };
		FF7F621B27B5DAA4004D334E /* CenterNetworking.swift */ = {isa = PBXFileReference; lastKnownFileType = sourcecode.swift; path = CenterNetworking.swift; sourceTree = "<group>"; };
		FF7F621D27B5DAAE004D334E /* CenterApi.swift */ = {isa = PBXFileReference; lastKnownFileType = sourcecode.swift; path = CenterApi.swift; sourceTree = "<group>"; };
		FF83A05227BDD070008C2DB2 /* LanguageViewModel.swift */ = {isa = PBXFileReference; lastKnownFileType = sourcecode.swift; path = LanguageViewModel.swift; sourceTree = "<group>"; };
		FF83A05427BDD601008C2DB2 /* SchoolsViewModel.swift */ = {isa = PBXFileReference; lastKnownFileType = sourcecode.swift; path = SchoolsViewModel.swift; sourceTree = "<group>"; };
		FFBFC36327A57FD00088C717 /* LoginViewController.swift */ = {isa = PBXFileReference; lastKnownFileType = sourcecode.swift; path = LoginViewController.swift; sourceTree = "<group>"; };
		FFBFC36427A57FD00088C717 /* LoginViewController.xib */ = {isa = PBXFileReference; lastKnownFileType = file.xib; path = LoginViewController.xib; sourceTree = "<group>"; };
		FFBFC36927A580020088C717 /* RegisterViewController.swift */ = {isa = PBXFileReference; lastKnownFileType = sourcecode.swift; path = RegisterViewController.swift; sourceTree = "<group>"; };
		FFBFC36A27A580020088C717 /* RegisterViewController.xib */ = {isa = PBXFileReference; lastKnownFileType = file.xib; path = RegisterViewController.xib; sourceTree = "<group>"; };
		FFBFC36D27A580360088C717 /* LanguageViewController.swift */ = {isa = PBXFileReference; lastKnownFileType = sourcecode.swift; path = LanguageViewController.swift; sourceTree = "<group>"; };
		FFBFC36E27A580360088C717 /* LanguageViewController.xib */ = {isa = PBXFileReference; lastKnownFileType = file.xib; path = LanguageViewController.xib; sourceTree = "<group>"; };
		FFBFC37127A5804A0088C717 /* OnBoardingViewController.swift */ = {isa = PBXFileReference; lastKnownFileType = sourcecode.swift; path = OnBoardingViewController.swift; sourceTree = "<group>"; };
		FFBFC37227A5804A0088C717 /* OnBoardingViewController.xib */ = {isa = PBXFileReference; lastKnownFileType = file.xib; path = OnBoardingViewController.xib; sourceTree = "<group>"; };
		FFBFC37527A5808F0088C717 /* ResetPasswordViewController.swift */ = {isa = PBXFileReference; lastKnownFileType = sourcecode.swift; path = ResetPasswordViewController.swift; sourceTree = "<group>"; };
		FFBFC37627A5808F0088C717 /* ResetPasswordViewController.xib */ = {isa = PBXFileReference; lastKnownFileType = file.xib; path = ResetPasswordViewController.xib; sourceTree = "<group>"; };
		FFBFC37927A580B00088C717 /* VerificationViewController.swift */ = {isa = PBXFileReference; lastKnownFileType = sourcecode.swift; path = VerificationViewController.swift; sourceTree = "<group>"; };
		FFBFC37A27A580B00088C717 /* VerificationViewController.xib */ = {isa = PBXFileReference; lastKnownFileType = file.xib; path = VerificationViewController.xib; sourceTree = "<group>"; };
		FFBFC38327A582050088C717 /* HomeTableViewController.swift */ = {isa = PBXFileReference; lastKnownFileType = sourcecode.swift; path = HomeTableViewController.swift; sourceTree = "<group>"; };
		FFBFC38827A5844B0088C717 /* SchoolsViewController.swift */ = {isa = PBXFileReference; lastKnownFileType = sourcecode.swift; path = SchoolsViewController.swift; sourceTree = "<group>"; };
		FFBFC38927A5844B0088C717 /* SchoolsViewController.xib */ = {isa = PBXFileReference; lastKnownFileType = file.xib; path = SchoolsViewController.xib; sourceTree = "<group>"; };
		FFBFC38D27A584A00088C717 /* SchoolDetailsViewController.swift */ = {isa = PBXFileReference; lastKnownFileType = sourcecode.swift; path = SchoolDetailsViewController.swift; sourceTree = "<group>"; };
		FFBFC38E27A584A00088C717 /* SchoolDetailsViewController.xib */ = {isa = PBXFileReference; lastKnownFileType = file.xib; path = SchoolDetailsViewController.xib; sourceTree = "<group>"; };
		FFBFC39227A584DD0088C717 /* AddCommentViewController.swift */ = {isa = PBXFileReference; lastKnownFileType = sourcecode.swift; path = AddCommentViewController.swift; sourceTree = "<group>"; };
		FFBFC39327A584DD0088C717 /* AddCommentViewController.xib */ = {isa = PBXFileReference; lastKnownFileType = file.xib; path = AddCommentViewController.xib; sourceTree = "<group>"; };
		FFBFC39727A585280088C717 /* SearchViewController.swift */ = {isa = PBXFileReference; lastKnownFileType = sourcecode.swift; path = SearchViewController.swift; sourceTree = "<group>"; };
		FFBFC39827A585280088C717 /* SearchViewController.xib */ = {isa = PBXFileReference; lastKnownFileType = file.xib; path = SearchViewController.xib; sourceTree = "<group>"; };
		FFBFC39C27A585490088C717 /* SpecificSearchViewController.swift */ = {isa = PBXFileReference; lastKnownFileType = sourcecode.swift; path = SpecificSearchViewController.swift; sourceTree = "<group>"; };
		FFBFC39D27A585490088C717 /* SpecificSearchViewController.xib */ = {isa = PBXFileReference; lastKnownFileType = file.xib; path = SpecificSearchViewController.xib; sourceTree = "<group>"; };
		FFBFC3A127A585AF0088C717 /* FavoriteViewController.swift */ = {isa = PBXFileReference; lastKnownFileType = sourcecode.swift; path = FavoriteViewController.swift; sourceTree = "<group>"; };
		FFBFC3A327A585E30088C717 /* NotificationViewController.swift */ = {isa = PBXFileReference; lastKnownFileType = sourcecode.swift; path = NotificationViewController.swift; sourceTree = "<group>"; };
		FFBFC3A527A586290088C717 /* ProfileViewController.swift */ = {isa = PBXFileReference; lastKnownFileType = sourcecode.swift; path = ProfileViewController.swift; sourceTree = "<group>"; };
		FFBFC3A727A586480088C717 /* AddPlaceViewController.swift */ = {isa = PBXFileReference; lastKnownFileType = sourcecode.swift; path = AddPlaceViewController.swift; sourceTree = "<group>"; };
		FFBFC3A827A586480088C717 /* AddPlaceViewController.xib */ = {isa = PBXFileReference; lastKnownFileType = file.xib; path = AddPlaceViewController.xib; sourceTree = "<group>"; };
		FFBFC3B127A586A50088C717 /* OurVisionViewController.swift */ = {isa = PBXFileReference; lastKnownFileType = sourcecode.swift; path = OurVisionViewController.swift; sourceTree = "<group>"; };
		FFBFC3B227A586A50088C717 /* OurVisionViewController.xib */ = {isa = PBXFileReference; lastKnownFileType = file.xib; path = OurVisionViewController.xib; sourceTree = "<group>"; };
		FFBFC3B527A586BC0088C717 /* OurGoalViewController.swift */ = {isa = PBXFileReference; lastKnownFileType = sourcecode.swift; path = OurGoalViewController.swift; sourceTree = "<group>"; };
		FFBFC3B627A586BC0088C717 /* OurGoalViewController.xib */ = {isa = PBXFileReference; lastKnownFileType = file.xib; path = OurGoalViewController.xib; sourceTree = "<group>"; };
		FFBFC3BB27A5870E0088C717 /* ContactUsViewController.swift */ = {isa = PBXFileReference; lastKnownFileType = sourcecode.swift; path = ContactUsViewController.swift; sourceTree = "<group>"; };
		FFBFC3BC27A5870E0088C717 /* ContactUsViewController.xib */ = {isa = PBXFileReference; lastKnownFileType = file.xib; path = ContactUsViewController.xib; sourceTree = "<group>"; };
		FFBFC3C027A587320088C717 /* TermsAndConditionViewController.swift */ = {isa = PBXFileReference; lastKnownFileType = sourcecode.swift; path = TermsAndConditionViewController.swift; sourceTree = "<group>"; };
		FFBFC3C127A587320088C717 /* TermsAndConditionViewController.xib */ = {isa = PBXFileReference; lastKnownFileType = file.xib; path = TermsAndConditionViewController.xib; sourceTree = "<group>"; };
		FFBFC3C527A5879B0088C717 /* AmazonEmber_Th.ttf */ = {isa = PBXFileReference; lastKnownFileType = file; path = AmazonEmber_Th.ttf; sourceTree = "<group>"; };
		FFBFC3C627A5879C0088C717 /* AmazonEmber_ThIt.ttf */ = {isa = PBXFileReference; lastKnownFileType = file; path = AmazonEmber_ThIt.ttf; sourceTree = "<group>"; };
		FFBFC3C727A5879C0088C717 /* AmazonEmber_Lt.ttf */ = {isa = PBXFileReference; lastKnownFileType = file; path = AmazonEmber_Lt.ttf; sourceTree = "<group>"; };
		FFBFC3C827A5879D0088C717 /* AmazonEmber_He.ttf */ = {isa = PBXFileReference; lastKnownFileType = file; path = AmazonEmber_He.ttf; sourceTree = "<group>"; };
		FFBFC3C927A5879E0088C717 /* AmazonEmber_Rg.ttf */ = {isa = PBXFileReference; lastKnownFileType = file; path = AmazonEmber_Rg.ttf; sourceTree = "<group>"; };
		FFBFC3CA27A5879F0088C717 /* AmazonEmber_RgIt.ttf */ = {isa = PBXFileReference; lastKnownFileType = file; path = AmazonEmber_RgIt.ttf; sourceTree = "<group>"; };
		FFBFC3CB27A587A00088C717 /* AmazonEmber_BdIt.ttf */ = {isa = PBXFileReference; lastKnownFileType = file; path = AmazonEmber_BdIt.ttf; sourceTree = "<group>"; };
		FFBFC3CC27A587A10088C717 /* AmazonEmber_Bd.ttf */ = {isa = PBXFileReference; lastKnownFileType = file; path = AmazonEmber_Bd.ttf; sourceTree = "<group>"; };
		FFBFC3CD27A587A20088C717 /* AmazonEmber_HeIt.ttf */ = {isa = PBXFileReference; lastKnownFileType = file; path = AmazonEmber_HeIt.ttf; sourceTree = "<group>"; };
		FFBFC3CE27A587A30088C717 /* Amazon-Ember-Medium.ttf */ = {isa = PBXFileReference; lastKnownFileType = file; path = "Amazon-Ember-Medium.ttf"; sourceTree = "<group>"; };
		FFBFC3CF27A587A40088C717 /* AmazonEmber_LtIt.ttf */ = {isa = PBXFileReference; lastKnownFileType = file; path = AmazonEmber_LtIt.ttf; sourceTree = "<group>"; };
		FFBFC3D027A587A50088C717 /* Amazon-Ember-MediumItalic.ttf */ = {isa = PBXFileReference; lastKnownFileType = file; path = "Amazon-Ember-MediumItalic.ttf"; sourceTree = "<group>"; };
		FFBFC3D227A5AFBA0088C717 /* PlacesTableViewController.swift */ = {isa = PBXFileReference; lastKnownFileType = sourcecode.swift; path = PlacesTableViewController.swift; sourceTree = "<group>"; };
		FFBFC3D327A5AFBA0088C717 /* PlacesTableViewController.xib */ = {isa = PBXFileReference; lastKnownFileType = file.xib; path = PlacesTableViewController.xib; sourceTree = "<group>"; };
/* End PBXFileReference section */

/* Begin PBXFrameworksBuildPhase section */
		FF78AA3C27A579ED0099F90F /* Frameworks */ = {
			isa = PBXFrameworksBuildPhase;
			buildActionMask = 2147483647;
			files = (
				54844C3FD69E01E615CFF16B /* Pods_Dalel.framework in Frameworks */,
			);
			runOnlyForDeploymentPostprocessing = 0;
		};
/* End PBXFrameworksBuildPhase section */

/* Begin PBXGroup section */
		52DBDF8C59EB2AD6A88C3CDD /* Pods */ = {
			isa = PBXGroup;
			children = (
				DDAE285294AE5A146EF7BAFC /* Pods-Dalel.debug.xcconfig */,
				D39720B9AF372EB3449E031F /* Pods-Dalel.release.xcconfig */,
			);
			path = Pods;
			sourceTree = "<group>";
		};
		AECFC88EB188C34B1F4E99D5 /* Frameworks */ = {
			isa = PBXGroup;
			children = (
				D6A0A0FEC18C33B733889F49 /* Pods_Dalel.framework */,
			);
			name = Frameworks;
			sourceTree = "<group>";
		};
		FF5115E127BE719C00B9FAA0 /* CommentTableViewCell */ = {
			isa = PBXGroup;
			children = (
				FF6100AC27BC63E7001A7F31 /* CommentTableViewCell.swift */,
				FF6100AD27BC63E7001A7F31 /* CommentTableViewCell.xib */,
			);
			path = CommentTableViewCell;
			sourceTree = "<group>";
		};
		FF5115E227BE71B900B9FAA0 /* ViewModel */ = {
			isa = PBXGroup;
			children = (
				FF83A05427BDD601008C2DB2 /* SchoolsViewModel.swift */,
			);
			path = ViewModel;
			sourceTree = "<group>";
		};
		FF5115E327BE71C900B9FAA0 /* View */ = {
			isa = PBXGroup;
			children = (
				FFBFC38827A5844B0088C717 /* SchoolsViewController.swift */,
				FFBFC38927A5844B0088C717 /* SchoolsViewController.xib */,
			);
			path = View;
			sourceTree = "<group>";
		};
		FF5115EE27BEBD5800B9FAA0 /* Model */ = {
			isa = PBXGroup;
			children = (
				FF5115EC27BEBD1000B9FAA0 /* ProfileModel.swift */,
				FF5115EF27BEBDA500B9FAA0 /* FavoriteModel.swift */,
			);
			name = Model;
			sourceTree = "<group>";
		};
		FF6100A327BC4C43001A7F31 /* BannerNetworking */ = {
			isa = PBXGroup;
			children = (
				FF7AC0EC27B853C50068D1DE /* BannerApi.swift */,
				FF7AC0F027B853E00068D1DE /* BannerNetworking.swift */,
				FF7AC0EE27B853CF0068D1DE /* BannerModel.swift */,
			);
			path = BannerNetworking;
			sourceTree = "<group>";
		};
		FF6100A627BC5ACB001A7F31 /* View */ = {
			isa = PBXGroup;
			children = (
				FFBFC38D27A584A00088C717 /* SchoolDetailsViewController.swift */,
				FFBFC38E27A584A00088C717 /* SchoolDetailsViewController.xib */,
				FF5115E127BE719C00B9FAA0 /* CommentTableViewCell */,
			);
			path = View;
			sourceTree = "<group>";
		};
		FF6100A927BC5AEB001A7F31 /* ViewModel */ = {
			isa = PBXGroup;
			children = (
				FF6100A727BC5AE1001A7F31 /* SchoolDetailesViewModel.swift */,
			);
			path = ViewModel;
			sourceTree = "<group>";
		};
		FF78AA3627A579ED0099F90F = {
			isa = PBXGroup;
			children = (
				FF78AA4127A579ED0099F90F /* Dalel */,
				FF78AA4027A579ED0099F90F /* Products */,
				52DBDF8C59EB2AD6A88C3CDD /* Pods */,
				AECFC88EB188C34B1F4E99D5 /* Frameworks */,
			);
			sourceTree = "<group>";
		};
		FF78AA4027A579ED0099F90F /* Products */ = {
			isa = PBXGroup;
			children = (
				FF78AA3F27A579ED0099F90F /* Dalel.app */,
			);
			name = Products;
			sourceTree = "<group>";
		};
		FF78AA4127A579ED0099F90F /* Dalel */ = {
			isa = PBXGroup;
			children = (
				FF7F21C327AED45A007606DB /* Router */,
				FFBFC36227A57FBA0088C717 /* Modules */,
				FFBFC36127A57FAE0088C717 /* Network Layer */,
				FFBFC35E27A57EAC0088C717 /* Core */,
				FF7F21F227AEFC01007606DB /* CustomizeComponents */,
				FF7F21F927AEFC28007606DB /* Colors.swift */,
				FFBFC36027A57F5A0088C717 /* Configuration */,
			);
			path = Dalel;
			sourceTree = "<group>";
		};
		FF7AC0E427B850D80068D1DE /* CentersModel */ = {
			isa = PBXGroup;
			children = (
				FF7F621927B5D7D5004D334E /* CenterModel.swift */,
				FF5115E827BE923B00B9FAA0 /* SearchModel.swift */,
				FF5115E627BE8C4500B9FAA0 /* SubmitReview.swift */,
				FF6100B027BC7686001A7F31 /* MakeFavoriteModel.swift */,
				FF6100AA27BC5E3D001A7F31 /* ReviewModel.swift */,
				FF6100A427BC5420001A7F31 /* SingleCenterModel.swift */,
			);
			path = CentersModel;
			sourceTree = "<group>";
		};
		FF7AC0E527B853440068D1DE /* CenterNetworking */ = {
			isa = PBXGroup;
			children = (
				FF7F621B27B5DAA4004D334E /* CenterNetworking.swift */,
				FF7F621D27B5DAAE004D334E /* CenterApi.swift */,
				FF7AC0E427B850D80068D1DE /* CentersModel */,
			);
			path = CenterNetworking;
			sourceTree = "<group>";
		};
		FF7AC0E627B8536F0068D1DE /* Base */ = {
			isa = PBXGroup;
			children = (
				FF7AC0E827B853830068D1DE /* BaseApi.swift */,
				FF7AC0EA27B8538F0068D1DE /* BaseApi.swift */,
				FF7F21AA27ADFD5B007606DB /* BaseResponse.swift */,
				FF7F21A927ADFD5B007606DB /* ErrorResponse.swift */,
				FF7AC0E727B853700068D1DE /* BaseApi.swift */,
				FF7F21B627AE05C4007606DB /* EndPoints.swift */,
				FF7F21A827ADFD5B007606DB /* TargetType.swift */,
			);
			path = Base;
			sourceTree = "<group>";
		};
		FF7F21AE27ADFD62007606DB /* AuthNetworking */ = {
			isa = PBXGroup;
			children = (
				FF7F21B227ADFD62007606DB /* AuthApi.swift */,
				FF7F21AF27ADFD62007606DB /* UsersNetworking.swift */,
				FF7F21B527ADFE07007606DB /* AuthModels */,
			);
			path = AuthNetworking;
			sourceTree = "<group>";
		};
		FF7F21B527ADFE07007606DB /* AuthModels */ = {
			isa = PBXGroup;
			children = (
				FF7F21B027ADFD62007606DB /* RegisterModel.swift */,
				FF7F620827B54FC8004D334E /* LoginModel.swift */,
				FF7F21BA27AECB30007606DB /* Logout.swift */,
			);
			path = AuthModels;
			sourceTree = "<group>";
		};
		FF7F21BC27AED1FE007606DB /* Profile */ = {
			isa = PBXGroup;
			children = (
				FF5115EE27BEBD5800B9FAA0 /* Model */,
				FF7F21BD27AED210007606DB /* ProfileApi.swift */,
				FF7F21BF27AED222007606DB /* ProfileNetworking.swift */,
			);
			name = Profile;
			sourceTree = "<group>";
		};
		FF7F21C327AED45A007606DB /* Router */ = {
			isa = PBXGroup;
			children = (
				FF7F21C127AED458007606DB /* Router.swift */,
			);
			path = Router;
			sourceTree = "<group>";
		};
		FF7F21F227AEFC01007606DB /* CustomizeComponents */ = {
			isa = PBXGroup;
			children = (
				FF7F21D327AEFBF8007606DB /* Alert.swift */,
				FF7F21D927AEFBF9007606DB /* CardView.swift */,
				FF7F21CE27AEFBF8007606DB /* CollectionCell + extension.swift */,
				FF7F21D127AEFBF8007606DB /* DesignView.swift */,
				FF7F21CF27AEFBF8007606DB /* DispatchQueue + Extensions.swift */,
				FF7F21DC27AEFBF9007606DB /* Double + Extension.swift */,
				FF7F21CD27AEFBF7007606DB /* General.swift */,
				FF7F21D427AEFBF8007606DB /* HapticEffect.swift */,
				FF7F21C827AEFBF7007606DB /* HelperFunc.swift */,
				FF7F21CC27AEFBF7007606DB /* HelperK.swift */,
				FF7F21D827AEFBF9007606DB /* imageSliderShowCong.swift */,
				FF7F21D027AEFBF8007606DB /* LocalizationManager.swift */,
				FF7F21D227AEFBF8007606DB /* LottieHelper.swift */,
				FF7F21D727AEFBF9007606DB /* RightToLeftTransition.swift */,
				FF7F21CA27AEFBF7007606DB /* TableView + Extesnions.swift */,
				FF7F21DA27AEFBF9007606DB /* TableViewController + extension.swift */,
				FF7F21D527AEFBF8007606DB /* TimeHelper.swift */,
				FF7F21CB27AEFBF7007606DB /* UIButton + extension.swift */,
				FF7F21DB27AEFBF9007606DB /* UITextField + extension.swift */,
				FF7F21D627AEFBF9007606DB /* UIView + extension.swift */,
				FF7F21C927AEFBF7007606DB /* ViewController + extensions.swift */,
				FF7F21F427AEFC23007606DB /* ActivityIndicatorManager.swift */,
				FF7F21F527AEFC23007606DB /* CheckLanguage.swift */,
				FF7F21F327AEFC23007606DB /* Str + Extension.swift */,
			);
			path = CustomizeComponents;
			sourceTree = "<group>";
		};
		FF7F21FB27AEFE41007606DB /* View */ = {
			isa = PBXGroup;
			children = (
				FFBFC36927A580020088C717 /* RegisterViewController.swift */,
				FFBFC36A27A580020088C717 /* RegisterViewController.xib */,
			);
			path = View;
			sourceTree = "<group>";
		};
		FF7F21FE27AEFE59007606DB /* RegisterViewModel */ = {
			isa = PBXGroup;
			children = (
				FF7F21FC27AEFE54007606DB /* RegisterViewModel.swift */,
			);
			path = RegisterViewModel;
			sourceTree = "<group>";
		};
		FF7F620527B53FFE004D334E /* View */ = {
			isa = PBXGroup;
			children = (
				FFBFC36327A57FD00088C717 /* LoginViewController.swift */,
				FFBFC36427A57FD00088C717 /* LoginViewController.xib */,
			);
			path = View;
			sourceTree = "<group>";
		};
		FF7F621627B5CFCE004D334E /* CategoryNetworking */ = {
			isa = PBXGroup;
			children = (
				FF7F621227B5CB5E004D334E /* Categories Api.swift */,
				FF7F621427B5CB7A004D334E /* CategoriesNetworking.swift */,
				FF7F621727B5CFE4004D334E /* CategoryModel.swift */,
				FF6100A127BC40CE001A7F31 /* CategoryCentersModel.swift */,
			);
			path = CategoryNetworking;
			sourceTree = "<group>";
		};
		FFBFC35E27A57EAC0088C717 /* Core */ = {
			isa = PBXGroup;
			children = (
				FF78AA4B27A579EF0099F90F /* Assets.xcassets */,
				FFBFC3D127A587AC0088C717 /* Fonts */,
				FF78AA4227A579ED0099F90F /* AppDelegate.swift */,
			);
			path = Core;
			sourceTree = "<group>";
		};
		FFBFC36027A57F5A0088C717 /* Configuration */ = {
			isa = PBXGroup;
			children = (
				FF7F21C427AED8FB007606DB /* Info.plist */,
				FF78AA4D27A579EF0099F90F /* LaunchScreen.storyboard */,
			);
			path = Configuration;
			sourceTree = "<group>";
		};
		FFBFC36127A57FAE0088C717 /* Network Layer */ = {
			isa = PBXGroup;
			children = (
				FF7F21BC27AED1FE007606DB /* Profile */,
				FF7AC0E627B8536F0068D1DE /* Base */,
				FF7F21B327ADFD89007606DB /* BaseApi.swift */,
				FF7F21AE27ADFD62007606DB /* AuthNetworking */,
				FF7F621627B5CFCE004D334E /* CategoryNetworking */,
				FF7AC0E527B853440068D1DE /* CenterNetworking */,
				FF6100A327BC4C43001A7F31 /* BannerNetworking */,
			);
			path = "Network Layer";
			sourceTree = "<group>";
		};
		FFBFC36227A57FBA0088C717 /* Modules */ = {
			isa = PBXGroup;
			children = (
				FFBFC38227A581DF0088C717 /* Login */,
				FFBFC38127A581D20088C717 /* Register */,
				FFBFC38027A581C60088C717 /* Language */,
				FFBFC37F27A581B80088C717 /* OnBoarding */,
				FFBFC37E27A581AB0088C717 /* ResetPassword */,
				FFBFC37D27A5819D0088C717 /* Verification */,
				FFBFC38727A5820B0088C717 /* Home */,
				FFBFC39127A584AD0088C717 /* SchoolDetails */,
				FFBFC38C27A584850088C717 /* SubHome */,
				FFBFC39B27A5852F0088C717 /* Search */,
				FFBFC39627A584E20088C717 /* AddComment */,
				FFBFC3A027A585530088C717 /* SpecficSearch */,
				FFBFC3B027A586830088C717 /* Places */,
				FFBFC3AB27A5864D0088C717 /* AddPlace */,
				FFBFC3BA27A586F10088C717 /* OurVision */,
				FFBFC3B927A586E40088C717 /* OurGoal */,
				FFBFC3BF27A587120088C717 /* ContactUs */,
				FFBFC3C427A587370088C717 /* Terms&Condition */,
			);
			path = Modules;
			sourceTree = "<group>";
		};
		FFBFC37D27A5819D0088C717 /* Verification */ = {
			isa = PBXGroup;
			children = (
				FFBFC37927A580B00088C717 /* VerificationViewController.swift */,
				FFBFC37A27A580B00088C717 /* VerificationViewController.xib */,
			);
			path = Verification;
			sourceTree = "<group>";
		};
		FFBFC37E27A581AB0088C717 /* ResetPassword */ = {
			isa = PBXGroup;
			children = (
				FFBFC37527A5808F0088C717 /* ResetPasswordViewController.swift */,
				FFBFC37627A5808F0088C717 /* ResetPasswordViewController.xib */,
			);
			path = ResetPassword;
			sourceTree = "<group>";
		};
		FFBFC37F27A581B80088C717 /* OnBoarding */ = {
			isa = PBXGroup;
			children = (
				FFBFC37127A5804A0088C717 /* OnBoardingViewController.swift */,
				FFBFC37227A5804A0088C717 /* OnBoardingViewController.xib */,
				FF7F620E27B5799B004D334E /* OnBoardingViewModel.swift */,
			);
			path = OnBoarding;
			sourceTree = "<group>";
		};
		FFBFC38027A581C60088C717 /* Language */ = {
			isa = PBXGroup;
			children = (
				FFBFC36D27A580360088C717 /* LanguageViewController.swift */,
				FF83A05227BDD070008C2DB2 /* LanguageViewModel.swift */,
				FFBFC36E27A580360088C717 /* LanguageViewController.xib */,
			);
			path = Language;
			sourceTree = "<group>";
		};
		FFBFC38127A581D20088C717 /* Register */ = {
			isa = PBXGroup;
			children = (
				FF7F21FB27AEFE41007606DB /* View */,
				FF7F21FE27AEFE59007606DB /* RegisterViewModel */,
			);
			path = Register;
			sourceTree = "<group>";
		};
		FFBFC38227A581DF0088C717 /* Login */ = {
			isa = PBXGroup;
			children = (
				FF7F620527B53FFE004D334E /* View */,
				FF7F620627B54014004D334E /* LoginViewModel.swift */,
			);
			path = Login;
			sourceTree = "<group>";
		};
		FFBFC38727A5820B0088C717 /* Home */ = {
			isa = PBXGroup;
			children = (
				FF78AA4827A579ED0099F90F /* Main.storyboard */,
				FF78AA4627A579ED0099F90F /* MainTabBar.swift */,
				FFBFC38327A582050088C717 /* HomeTableViewController.swift */,
				FF7AC0F227B85B900068D1DE /* CategoriesCollectionViewCell.swift */,
				FF7AC0F327B85B900068D1DE /* CategoriesCollectionViewCell.xib */,
				FF7F621027B5CB31004D334E /* HomeViewModel.swift */,
				FFBFC3A127A585AF0088C717 /* FavoriteViewController.swift */,
				FFBFC3A527A586290088C717 /* ProfileViewController.swift */,
				FF5115F127BECA2500B9FAA0 /* ProfileViewModel.swift */,
				FFBFC3A327A585E30088C717 /* NotificationViewController.swift */,
			);
			path = Home;
			sourceTree = "<group>";
		};
		FFBFC38C27A584850088C717 /* SubHome */ = {
			isa = PBXGroup;
			children = (
				FF5115E327BE71C900B9FAA0 /* View */,
				FF5115E227BE71B900B9FAA0 /* ViewModel */,
			);
			path = SubHome;
			sourceTree = "<group>";
		};
		FFBFC39127A584AD0088C717 /* SchoolDetails */ = {
			isa = PBXGroup;
			children = (
				FF6100A627BC5ACB001A7F31 /* View */,
				FF6100A927BC5AEB001A7F31 /* ViewModel */,
			);
			path = SchoolDetails;
			sourceTree = "<group>";
		};
		FFBFC39627A584E20088C717 /* AddComment */ = {
			isa = PBXGroup;
			children = (
				FFBFC39227A584DD0088C717 /* AddCommentViewController.swift */,
				FF5115E427BE72A600B9FAA0 /* AddComentViewModel.swift */,
				FFBFC39327A584DD0088C717 /* AddCommentViewController.xib */,
			);
			path = AddComment;
			sourceTree = "<group>";
		};
		FFBFC39B27A5852F0088C717 /* Search */ = {
			isa = PBXGroup;
			children = (
				FFBFC39727A585280088C717 /* SearchViewController.swift */,
				FF5115EA27BE983B00B9FAA0 /* SearchViewModel.swift */,
				FFBFC39827A585280088C717 /* SearchViewController.xib */,
			);
			path = Search;
			sourceTree = "<group>";
		};
		FFBFC3A027A585530088C717 /* SpecficSearch */ = {
			isa = PBXGroup;
			children = (
				FFBFC39C27A585490088C717 /* SpecificSearchViewController.swift */,
				FFBFC39D27A585490088C717 /* SpecificSearchViewController.xib */,
			);
			path = SpecficSearch;
			sourceTree = "<group>";
		};
		FFBFC3AB27A5864D0088C717 /* AddPlace */ = {
			isa = PBXGroup;
			children = (
				FFBFC3A727A586480088C717 /* AddPlaceViewController.swift */,
				FFBFC3A827A586480088C717 /* AddPlaceViewController.xib */,
			);
			path = AddPlace;
			sourceTree = "<group>";
		};
		FFBFC3B027A586830088C717 /* Places */ = {
			isa = PBXGroup;
			children = (
				FFBFC3D227A5AFBA0088C717 /* PlacesTableViewController.swift */,
				FFBFC3D327A5AFBA0088C717 /* PlacesTableViewController.xib */,
			);
			path = Places;
			sourceTree = "<group>";
		};
		FFBFC3B927A586E40088C717 /* OurGoal */ = {
			isa = PBXGroup;
			children = (
				FFBFC3B527A586BC0088C717 /* OurGoalViewController.swift */,
				FFBFC3B627A586BC0088C717 /* OurGoalViewController.xib */,
			);
			path = OurGoal;
			sourceTree = "<group>";
		};
		FFBFC3BA27A586F10088C717 /* OurVision */ = {
			isa = PBXGroup;
			children = (
				FFBFC3B127A586A50088C717 /* OurVisionViewController.swift */,
				FFBFC3B227A586A50088C717 /* OurVisionViewController.xib */,
			);
			path = OurVision;
			sourceTree = "<group>";
		};
		FFBFC3BF27A587120088C717 /* ContactUs */ = {
			isa = PBXGroup;
			children = (
				FFBFC3BB27A5870E0088C717 /* ContactUsViewController.swift */,
				FFBFC3BC27A5870E0088C717 /* ContactUsViewController.xib */,
			);
			path = ContactUs;
			sourceTree = "<group>";
		};
		FFBFC3C427A587370088C717 /* Terms&Condition */ = {
			isa = PBXGroup;
			children = (
				FFBFC3C027A587320088C717 /* TermsAndConditionViewController.swift */,
				FFBFC3C127A587320088C717 /* TermsAndConditionViewController.xib */,
			);
			path = "Terms&Condition";
			sourceTree = "<group>";
		};
		FFBFC3D127A587AC0088C717 /* Fonts */ = {
			isa = PBXGroup;
			children = (
				FFBFC3CE27A587A30088C717 /* Amazon-Ember-Medium.ttf */,
				FFBFC3D027A587A50088C717 /* Amazon-Ember-MediumItalic.ttf */,
				FFBFC3CC27A587A10088C717 /* AmazonEmber_Bd.ttf */,
				FFBFC3CB27A587A00088C717 /* AmazonEmber_BdIt.ttf */,
				FFBFC3C827A5879D0088C717 /* AmazonEmber_He.ttf */,
				FFBFC3CD27A587A20088C717 /* AmazonEmber_HeIt.ttf */,
				FFBFC3C727A5879C0088C717 /* AmazonEmber_Lt.ttf */,
				FFBFC3CF27A587A40088C717 /* AmazonEmber_LtIt.ttf */,
				FFBFC3C927A5879E0088C717 /* AmazonEmber_Rg.ttf */,
				FFBFC3CA27A5879F0088C717 /* AmazonEmber_RgIt.ttf */,
				FFBFC3C527A5879B0088C717 /* AmazonEmber_Th.ttf */,
				FFBFC3C627A5879C0088C717 /* AmazonEmber_ThIt.ttf */,
			);
			path = Fonts;
			sourceTree = "<group>";
		};
/* End PBXGroup section */

/* Begin PBXNativeTarget section */
		FF78AA3E27A579ED0099F90F /* Dalel */ = {
			isa = PBXNativeTarget;
			buildConfigurationList = FF78AA5327A579EF0099F90F /* Build configuration list for PBXNativeTarget "Dalel" */;
			buildPhases = (
				CF92F9B5AA54A3A0AF7AFC59 /* [CP] Check Pods Manifest.lock */,
				FF78AA3B27A579ED0099F90F /* Sources */,
				FF78AA3C27A579ED0099F90F /* Frameworks */,
				FF78AA3D27A579ED0099F90F /* Resources */,
				8D9EDECA9F4BAF4FBFA08E1C /* [CP] Embed Pods Frameworks */,
				2A30102F656C70CBC57FD8AC /* [CP] Copy Pods Resources */,
			);
			buildRules = (
			);
			dependencies = (
			);
			name = Dalel;
			productName = Dalel;
			productReference = FF78AA3F27A579ED0099F90F /* Dalel.app */;
			productType = "com.apple.product-type.application";
		};
/* End PBXNativeTarget section */

/* Begin PBXProject section */
		FF78AA3727A579ED0099F90F /* Project object */ = {
			isa = PBXProject;
			attributes = {
				BuildIndependentTargetsInParallel = 1;
				LastSwiftUpdateCheck = 1310;
				LastUpgradeCheck = 1310;
				TargetAttributes = {
					FF78AA3E27A579ED0099F90F = {
						CreatedOnToolsVersion = 13.1;
					};
				};
			};
			buildConfigurationList = FF78AA3A27A579ED0099F90F /* Build configuration list for PBXProject "Dalel" */;
			compatibilityVersion = "Xcode 13.0";
			developmentRegion = en;
			hasScannedForEncodings = 0;
			knownRegions = (
				en,
				Base,
			);
			mainGroup = FF78AA3627A579ED0099F90F;
			productRefGroup = FF78AA4027A579ED0099F90F /* Products */;
			projectDirPath = "";
			projectRoot = "";
			targets = (
				FF78AA3E27A579ED0099F90F /* Dalel */,
			);
		};
/* End PBXProject section */

/* Begin PBXResourcesBuildPhase section */
		FF78AA3D27A579ED0099F90F /* Resources */ = {
			isa = PBXResourcesBuildPhase;
			buildActionMask = 2147483647;
			files = (
				FFBFC3C327A587320088C717 /* TermsAndConditionViewController.xib in Resources */,
				FFBFC39527A584DD0088C717 /* AddCommentViewController.xib in Resources */,
				FFBFC37427A5804A0088C717 /* OnBoardingViewController.xib in Resources */,
				FFBFC36627A57FD00088C717 /* LoginViewController.xib in Resources */,
				FFBFC3B827A586BC0088C717 /* OurGoalViewController.xib in Resources */,
				FFBFC3D527A5AFBA0088C717 /* PlacesTableViewController.xib in Resources */,
				FFBFC36C27A580020088C717 /* RegisterViewController.xib in Resources */,
				FFBFC3AA27A586480088C717 /* AddPlaceViewController.xib in Resources */,
				FFBFC37027A580360088C717 /* LanguageViewController.xib in Resources */,
				FFBFC3BE27A5870E0088C717 /* ContactUsViewController.xib in Resources */,
				FFBFC38B27A5844B0088C717 /* SchoolsViewController.xib in Resources */,
				FF7AC0F527B85B900068D1DE /* CategoriesCollectionViewCell.xib in Resources */,
				FFBFC39F27A585490088C717 /* SpecificSearchViewController.xib in Resources */,
				FF78AA4F27A579EF0099F90F /* LaunchScreen.storyboard in Resources */,
				FFBFC37827A5808F0088C717 /* ResetPasswordViewController.xib in Resources */,
				FFBFC39027A584A00088C717 /* SchoolDetailsViewController.xib in Resources */,
				FF78AA4C27A579EF0099F90F /* Assets.xcassets in Resources */,
				FFBFC3B427A586A50088C717 /* OurVisionViewController.xib in Resources */,
				FF78AA4A27A579ED0099F90F /* Main.storyboard in Resources */,
				FF6100AF27BC63E7001A7F31 /* CommentTableViewCell.xib in Resources */,
				FFBFC37C27A580B00088C717 /* VerificationViewController.xib in Resources */,
				FFBFC39A27A585280088C717 /* SearchViewController.xib in Resources */,
			);
			runOnlyForDeploymentPostprocessing = 0;
		};
/* End PBXResourcesBuildPhase section */

/* Begin PBXShellScriptBuildPhase section */
		2A30102F656C70CBC57FD8AC /* [CP] Copy Pods Resources */ = {
			isa = PBXShellScriptBuildPhase;
			buildActionMask = 2147483647;
			files = (
			);
			inputFileListPaths = (
				"${PODS_ROOT}/Target Support Files/Pods-Dalel/Pods-Dalel-resources-${CONFIGURATION}-input-files.xcfilelist",
			);
			name = "[CP] Copy Pods Resources";
			outputFileListPaths = (
				"${PODS_ROOT}/Target Support Files/Pods-Dalel/Pods-Dalel-resources-${CONFIGURATION}-output-files.xcfilelist",
			);
			runOnlyForDeploymentPostprocessing = 0;
			shellPath = /bin/sh;
			shellScript = "\"${PODS_ROOT}/Target Support Files/Pods-Dalel/Pods-Dalel-resources.sh\"\n";
			showEnvVarsInLog = 0;
		};
		8D9EDECA9F4BAF4FBFA08E1C /* [CP] Embed Pods Frameworks */ = {
			isa = PBXShellScriptBuildPhase;
			buildActionMask = 2147483647;
			files = (
			);
			inputFileListPaths = (
				"${PODS_ROOT}/Target Support Files/Pods-Dalel/Pods-Dalel-frameworks-${CONFIGURATION}-input-files.xcfilelist",
			);
			name = "[CP] Embed Pods Frameworks";
			outputFileListPaths = (
				"${PODS_ROOT}/Target Support Files/Pods-Dalel/Pods-Dalel-frameworks-${CONFIGURATION}-output-files.xcfilelist",
			);
			runOnlyForDeploymentPostprocessing = 0;
			shellPath = /bin/sh;
			shellScript = "\"${PODS_ROOT}/Target Support Files/Pods-Dalel/Pods-Dalel-frameworks.sh\"\n";
			showEnvVarsInLog = 0;
		};
		CF92F9B5AA54A3A0AF7AFC59 /* [CP] Check Pods Manifest.lock */ = {
			isa = PBXShellScriptBuildPhase;
			buildActionMask = 2147483647;
			files = (
			);
			inputFileListPaths = (
			);
			inputPaths = (
				"${PODS_PODFILE_DIR_PATH}/Podfile.lock",
				"${PODS_ROOT}/Manifest.lock",
			);
			name = "[CP] Check Pods Manifest.lock";
			outputFileListPaths = (
			);
			outputPaths = (
				"$(DERIVED_FILE_DIR)/Pods-Dalel-checkManifestLockResult.txt",
			);
			runOnlyForDeploymentPostprocessing = 0;
			shellPath = /bin/sh;
			shellScript = "diff \"${PODS_PODFILE_DIR_PATH}/Podfile.lock\" \"${PODS_ROOT}/Manifest.lock\" > /dev/null\nif [ $? != 0 ] ; then\n    # print error to STDERR\n    echo \"error: The sandbox is not in sync with the Podfile.lock. Run 'pod install' or update your CocoaPods installation.\" >&2\n    exit 1\nfi\n# This output is used by Xcode 'outputs' to avoid re-running this script phase.\necho \"SUCCESS\" > \"${SCRIPT_OUTPUT_FILE_0}\"\n";
			showEnvVarsInLog = 0;
		};
/* End PBXShellScriptBuildPhase section */

/* Begin PBXSourcesBuildPhase section */
		FF78AA3B27A579ED0099F90F /* Sources */ = {
			isa = PBXSourcesBuildPhase;
			buildActionMask = 2147483647;
			files = (
				FF7F21FF27AF0574007606DB /* AuthApi.swift in Sources */,
				FFBFC36527A57FD00088C717 /* LoginViewController.swift in Sources */,
				FF6100A227BC40CE001A7F31 /* CategoryCentersModel.swift in Sources */,
				FFBFC36B27A580020088C717 /* RegisterViewController.swift in Sources */,
				FF7F21F627AEFC23007606DB /* CheckLanguage.swift in Sources */,
				FFBFC37327A5804A0088C717 /* OnBoardingViewController.swift in Sources */,
				FF7F21EE27AEFBF9007606DB /* TableView + Extesnions.swift in Sources */,
				FF7F220127AF05F9007606DB /* UsersNetworking.swift in Sources */,
				FFBFC37727A5808F0088C717 /* ResetPasswordViewController.swift in Sources */,
				FF7AC0F427B85B900068D1DE /* CategoriesCollectionViewCell.swift in Sources */,
				FF5115F027BEBDA600B9FAA0 /* FavoriteModel.swift in Sources */,
				FF5115E527BE72A600B9FAA0 /* AddComentViewModel.swift in Sources */,
				FF7F621127B5CB31004D334E /* HomeViewModel.swift in Sources */,
				FF7AC0EF27B853CF0068D1DE /* BannerModel.swift in Sources */,
				FF7F220027AF0597007606DB /* RegisterModel.swift in Sources */,
				FF7F21EA27AEFBF9007606DB /* LottieHelper.swift in Sources */,
				FF7F621527B5CB7A004D334E /* CategoriesNetworking.swift in Sources */,
				FFBFC3C227A587320088C717 /* TermsAndConditionViewController.swift in Sources */,
				FF7F21E627AEFBF9007606DB /* TimeHelper.swift in Sources */,
				FF7F21AB27ADFD5B007606DB /* ErrorResponse.swift in Sources */,
				FFBFC3B727A586BC0088C717 /* OurGoalViewController.swift in Sources */,
				FF7F621A27B5D7D5004D334E /* CenterModel.swift in Sources */,
				FFBFC38527A582050088C717 /* HomeTableViewController.swift in Sources */,
				FFBFC36F27A580360088C717 /* LanguageViewController.swift in Sources */,
				FF7F21E427AEFBF9007606DB /* Double + Extension.swift in Sources */,
				FF7F21E727AEFBF9007606DB /* HelperK.swift in Sources */,
				FFBFC3A627A586290088C717 /* ProfileViewController.swift in Sources */,
				FF6100AE27BC63E7001A7F31 /* CommentTableViewCell.swift in Sources */,
				FF7F621827B5CFE4004D334E /* CategoryModel.swift in Sources */,
				FF7F21E327AEFBF9007606DB /* imageSliderShowCong.swift in Sources */,
				FF7F21EC27AEFBF9007606DB /* RightToLeftTransition.swift in Sources */,
				FF7F620927B54FC8004D334E /* LoginModel.swift in Sources */,
				FFBFC3A227A585AF0088C717 /* FavoriteViewController.swift in Sources */,
				FF5115EB27BE983B00B9FAA0 /* SearchViewModel.swift in Sources */,
				FF7F21E227AEFBF9007606DB /* HapticEffect.swift in Sources */,
				FF7AC0ED27B853C50068D1DE /* BannerApi.swift in Sources */,
				FF5115E727BE8C4500B9FAA0 /* SubmitReview.swift in Sources */,
				FF78AA4727A579ED0099F90F /* MainTabBar.swift in Sources */,
				FF5115F227BECA2500B9FAA0 /* ProfileViewModel.swift in Sources */,
				FF7F21AD27ADFD5B007606DB /* TargetType.swift in Sources */,
				FF7F21E927AEFBF9007606DB /* CardView.swift in Sources */,
				FFBFC3A927A586480088C717 /* AddPlaceViewController.swift in Sources */,
				FF7F21F027AEFBFA007606DB /* UITextField + extension.swift in Sources */,
				FFBFC39E27A585490088C717 /* SpecificSearchViewController.swift in Sources */,
				FFBFC3BD27A5870E0088C717 /* ContactUsViewController.swift in Sources */,
				FFBFC38F27A584A00088C717 /* SchoolDetailsViewController.swift in Sources */,
				FF7F21E527AEFBF9007606DB /* DesignView.swift in Sources */,
				FF5115ED27BEBD1000B9FAA0 /* ProfileModel.swift in Sources */,
				FF7F621C27B5DAA4004D334E /* CenterNetworking.swift in Sources */,
				FF7F621E27B5DAAE004D334E /* CenterApi.swift in Sources */,
				FFBFC39927A585280088C717 /* SearchViewController.swift in Sources */,
				FF6100AB27BC5E3D001A7F31 /* ReviewModel.swift in Sources */,
				FF7F21F727AEFC23007606DB /* ActivityIndicatorManager.swift in Sources */,
				FF7F620F27B5799B004D334E /* OnBoardingViewModel.swift in Sources */,
				FF7F21B727AE05C4007606DB /* EndPoints.swift in Sources */,
				FFBFC37B27A580B00088C717 /* VerificationViewController.swift in Sources */,
				FF83A05527BDD601008C2DB2 /* SchoolsViewModel.swift in Sources */,
				FF7F21DF27AEFBF9007606DB /* UIView + extension.swift in Sources */,
				FF7F21EF27AEFBFA007606DB /* TableViewController + extension.swift in Sources */,
				FF7F21DD27AEFBF9007606DB /* Alert.swift in Sources */,
				FF7F21E027AEFBF9007606DB /* CollectionCell + extension.swift in Sources */,
				FFBFC3A427A585E30088C717 /* NotificationViewController.swift in Sources */,
				FFBFC3D427A5AFBA0088C717 /* PlacesTableViewController.swift in Sources */,
				FF7F21E827AEFBF9007606DB /* HelperFunc.swift in Sources */,
				FF6100B127BC7686001A7F31 /* MakeFavoriteModel.swift in Sources */,
				FF83A05327BDD070008C2DB2 /* LanguageViewModel.swift in Sources */,
				FF6100A827BC5AE1001A7F31 /* SchoolDetailesViewModel.swift in Sources */,
				FF7F21F127AEFBFA007606DB /* ViewController + extensions.swift in Sources */,
				FF7F21C227AED458007606DB /* Router.swift in Sources */,
				FF7AC0E927B853830068D1DE /* BaseApi.swift in Sources */,
				FF7F21E127AEFBF9007606DB /* DispatchQueue + Extensions.swift in Sources */,
				FF7F21DE27AEFBF9007606DB /* UIButton + extension.swift in Sources */,
				FF7F21FD27AEFE54007606DB /* RegisterViewModel.swift in Sources */,
				FF7F21C027AED222007606DB /* ProfileNetworking.swift in Sources */,
				FF7F21BE27AED210007606DB /* ProfileApi.swift in Sources */,
				FF7F621327B5CB5E004D334E /* Categories Api.swift in Sources */,
				FF7F21B427ADFD89007606DB /* BaseApi.swift in Sources */,
				FF7AC0F127B853E00068D1DE /* BannerNetworking.swift in Sources */,
				FF7F21EB27AEFBF9007606DB /* LocalizationManager.swift in Sources */,
				FFBFC39427A584DD0088C717 /* AddCommentViewController.swift in Sources */,
				FF7F21FA27AEFC29007606DB /* Colors.swift in Sources */,
				FFBFC3B327A586A50088C717 /* OurVisionViewController.swift in Sources */,
				FF6100A527BC5420001A7F31 /* SingleCenterModel.swift in Sources */,
				FF7F21ED27AEFBF9007606DB /* General.swift in Sources */,
				FF7F21F827AEFC23007606DB /* Str + Extension.swift in Sources */,
				FF7F21BB27AECB30007606DB /* Logout.swift in Sources */,
				FF78AA4327A579ED0099F90F /* AppDelegate.swift in Sources */,
				FF5115E927BE923B00B9FAA0 /* SearchModel.swift in Sources */,
				FFBFC38A27A5844B0088C717 /* SchoolsViewController.swift in Sources */,
				FF7AC0EB27B8538F0068D1DE /* BaseApi.swift in Sources */,
				FF7F21AC27ADFD5B007606DB /* BaseResponse.swift in Sources */,
				FF7F620727B54014004D334E /* LoginViewModel.swift in Sources */,
			);
			runOnlyForDeploymentPostprocessing = 0;
		};
/* End PBXSourcesBuildPhase section */

/* Begin PBXVariantGroup section */
		FF78AA4827A579ED0099F90F /* Main.storyboard */ = {
			isa = PBXVariantGroup;
			children = (
				FF78AA4927A579ED0099F90F /* Base */,
			);
			name = Main.storyboard;
			sourceTree = "<group>";
		};
		FF78AA4D27A579EF0099F90F /* LaunchScreen.storyboard */ = {
			isa = PBXVariantGroup;
			children = (
				FF78AA4E27A579EF0099F90F /* Base */,
			);
			name = LaunchScreen.storyboard;
			sourceTree = "<group>";
		};
/* End PBXVariantGroup section */

/* Begin XCBuildConfiguration section */
		FF78AA5127A579EF0099F90F /* Debug */ = {
			isa = XCBuildConfiguration;
			buildSettings = {
				ALWAYS_SEARCH_USER_PATHS = NO;
				CLANG_ANALYZER_NONNULL = YES;
				CLANG_ANALYZER_NUMBER_OBJECT_CONVERSION = YES_AGGRESSIVE;
				CLANG_CXX_LANGUAGE_STANDARD = "gnu++17";
				CLANG_CXX_LIBRARY = "libc++";
				CLANG_ENABLE_MODULES = YES;
				CLANG_ENABLE_OBJC_ARC = YES;
				CLANG_ENABLE_OBJC_WEAK = YES;
				CLANG_WARN_BLOCK_CAPTURE_AUTORELEASING = YES;
				CLANG_WARN_BOOL_CONVERSION = YES;
				CLANG_WARN_COMMA = YES;
				CLANG_WARN_CONSTANT_CONVERSION = YES;
				CLANG_WARN_DEPRECATED_OBJC_IMPLEMENTATIONS = YES;
				CLANG_WARN_DIRECT_OBJC_ISA_USAGE = YES_ERROR;
				CLANG_WARN_DOCUMENTATION_COMMENTS = YES;
				CLANG_WARN_EMPTY_BODY = YES;
				CLANG_WARN_ENUM_CONVERSION = YES;
				CLANG_WARN_INFINITE_RECURSION = YES;
				CLANG_WARN_INT_CONVERSION = YES;
				CLANG_WARN_NON_LITERAL_NULL_CONVERSION = YES;
				CLANG_WARN_OBJC_IMPLICIT_RETAIN_SELF = YES;
				CLANG_WARN_OBJC_LITERAL_CONVERSION = YES;
				CLANG_WARN_OBJC_ROOT_CLASS = YES_ERROR;
				CLANG_WARN_QUOTED_INCLUDE_IN_FRAMEWORK_HEADER = YES;
				CLANG_WARN_RANGE_LOOP_ANALYSIS = YES;
				CLANG_WARN_STRICT_PROTOTYPES = YES;
				CLANG_WARN_SUSPICIOUS_MOVE = YES;
				CLANG_WARN_UNGUARDED_AVAILABILITY = YES_AGGRESSIVE;
				CLANG_WARN_UNREACHABLE_CODE = YES;
				CLANG_WARN__DUPLICATE_METHOD_MATCH = YES;
				COPY_PHASE_STRIP = NO;
				DEBUG_INFORMATION_FORMAT = dwarf;
				ENABLE_STRICT_OBJC_MSGSEND = YES;
				ENABLE_TESTABILITY = YES;
				GCC_C_LANGUAGE_STANDARD = gnu11;
				GCC_DYNAMIC_NO_PIC = NO;
				GCC_NO_COMMON_BLOCKS = YES;
				GCC_OPTIMIZATION_LEVEL = 0;
				GCC_PREPROCESSOR_DEFINITIONS = (
					"DEBUG=1",
					"$(inherited)",
				);
				GCC_WARN_64_TO_32_BIT_CONVERSION = YES;
				GCC_WARN_ABOUT_RETURN_TYPE = YES_ERROR;
				GCC_WARN_UNDECLARED_SELECTOR = YES;
				GCC_WARN_UNINITIALIZED_AUTOS = YES_AGGRESSIVE;
				GCC_WARN_UNUSED_FUNCTION = YES;
				GCC_WARN_UNUSED_VARIABLE = YES;
				IPHONEOS_DEPLOYMENT_TARGET = 15.0;
				MTL_ENABLE_DEBUG_INFO = INCLUDE_SOURCE;
				MTL_FAST_MATH = YES;
				ONLY_ACTIVE_ARCH = YES;
				SDKROOT = iphoneos;
				SWIFT_ACTIVE_COMPILATION_CONDITIONS = DEBUG;
				SWIFT_OPTIMIZATION_LEVEL = "-Onone";
			};
			name = Debug;
		};
		FF78AA5227A579EF0099F90F /* Release */ = {
			isa = XCBuildConfiguration;
			buildSettings = {
				ALWAYS_SEARCH_USER_PATHS = NO;
				CLANG_ANALYZER_NONNULL = YES;
				CLANG_ANALYZER_NUMBER_OBJECT_CONVERSION = YES_AGGRESSIVE;
				CLANG_CXX_LANGUAGE_STANDARD = "gnu++17";
				CLANG_CXX_LIBRARY = "libc++";
				CLANG_ENABLE_MODULES = YES;
				CLANG_ENABLE_OBJC_ARC = YES;
				CLANG_ENABLE_OBJC_WEAK = YES;
				CLANG_WARN_BLOCK_CAPTURE_AUTORELEASING = YES;
				CLANG_WARN_BOOL_CONVERSION = YES;
				CLANG_WARN_COMMA = YES;
				CLANG_WARN_CONSTANT_CONVERSION = YES;
				CLANG_WARN_DEPRECATED_OBJC_IMPLEMENTATIONS = YES;
				CLANG_WARN_DIRECT_OBJC_ISA_USAGE = YES_ERROR;
				CLANG_WARN_DOCUMENTATION_COMMENTS = YES;
				CLANG_WARN_EMPTY_BODY = YES;
				CLANG_WARN_ENUM_CONVERSION = YES;
				CLANG_WARN_INFINITE_RECURSION = YES;
				CLANG_WARN_INT_CONVERSION = YES;
				CLANG_WARN_NON_LITERAL_NULL_CONVERSION = YES;
				CLANG_WARN_OBJC_IMPLICIT_RETAIN_SELF = YES;
				CLANG_WARN_OBJC_LITERAL_CONVERSION = YES;
				CLANG_WARN_OBJC_ROOT_CLASS = YES_ERROR;
				CLANG_WARN_QUOTED_INCLUDE_IN_FRAMEWORK_HEADER = YES;
				CLANG_WARN_RANGE_LOOP_ANALYSIS = YES;
				CLANG_WARN_STRICT_PROTOTYPES = YES;
				CLANG_WARN_SUSPICIOUS_MOVE = YES;
				CLANG_WARN_UNGUARDED_AVAILABILITY = YES_AGGRESSIVE;
				CLANG_WARN_UNREACHABLE_CODE = YES;
				CLANG_WARN__DUPLICATE_METHOD_MATCH = YES;
				COPY_PHASE_STRIP = NO;
				DEBUG_INFORMATION_FORMAT = "dwarf-with-dsym";
				ENABLE_NS_ASSERTIONS = NO;
				ENABLE_STRICT_OBJC_MSGSEND = YES;
				GCC_C_LANGUAGE_STANDARD = gnu11;
				GCC_NO_COMMON_BLOCKS = YES;
				GCC_WARN_64_TO_32_BIT_CONVERSION = YES;
				GCC_WARN_ABOUT_RETURN_TYPE = YES_ERROR;
				GCC_WARN_UNDECLARED_SELECTOR = YES;
				GCC_WARN_UNINITIALIZED_AUTOS = YES_AGGRESSIVE;
				GCC_WARN_UNUSED_FUNCTION = YES;
				GCC_WARN_UNUSED_VARIABLE = YES;
				IPHONEOS_DEPLOYMENT_TARGET = 15.0;
				MTL_ENABLE_DEBUG_INFO = NO;
				MTL_FAST_MATH = YES;
				SDKROOT = iphoneos;
				SWIFT_COMPILATION_MODE = wholemodule;
				SWIFT_OPTIMIZATION_LEVEL = "-O";
				VALIDATE_PRODUCT = YES;
			};
			name = Release;
		};
		FF78AA5427A579EF0099F90F /* Debug */ = {
			isa = XCBuildConfiguration;
			baseConfigurationReference = DDAE285294AE5A146EF7BAFC /* Pods-Dalel.debug.xcconfig */;
			buildSettings = {
				ASSETCATALOG_COMPILER_APPICON_NAME = AppIcon;
				ASSETCATALOG_COMPILER_GLOBAL_ACCENT_COLOR_NAME = AccentColor;
				CODE_SIGN_STYLE = Automatic;
				CURRENT_PROJECT_VERSION = 1;
				DEVELOPMENT_TEAM = Z5W9MX2B58;
				GENERATE_INFOPLIST_FILE = YES;
				INFOPLIST_FILE = /Users/shgardi/Desktop/Home/Dalel/Dalel/Configuration/Info.plist;
				INFOPLIST_KEY_UIApplicationSupportsIndirectInputEvents = YES;
				INFOPLIST_KEY_UILaunchStoryboardName = LaunchScreen;
				INFOPLIST_KEY_UIRequiresFullScreen = YES;
				INFOPLIST_KEY_UIStatusBarHidden = YES;
				INFOPLIST_KEY_UISupportedInterfaceOrientations = UIInterfaceOrientationPortrait;
				INFOPLIST_KEY_UISupportedInterfaceOrientations_iPad = "UIInterfaceOrientationPortrait UIInterfaceOrientationPortraitUpsideDown UIInterfaceOrientationLandscapeLeft UIInterfaceOrientationLandscapeRight";
				INFOPLIST_KEY_UISupportedInterfaceOrientations_iPhone = "UIInterfaceOrientationPortrait UIInterfaceOrientationLandscapeLeft UIInterfaceOrientationLandscapeRight";
				LD_RUNPATH_SEARCH_PATHS = (
					"$(inherited)",
					"@executable_path/Frameworks",
				);
				MARKETING_VERSION = 1.0;
				PRODUCT_BUNDLE_IDENTIFIER = sharaf.Dalel;
				PRODUCT_NAME = "$(TARGET_NAME)";
				SWIFT_EMIT_LOC_STRINGS = YES;
				SWIFT_VERSION = 5.0;
				TARGETED_DEVICE_FAMILY = "1,2";
			};
			name = Debug;
		};
		FF78AA5527A579EF0099F90F /* Release */ = {
			isa = XCBuildConfiguration;
			baseConfigurationReference = D39720B9AF372EB3449E031F /* Pods-Dalel.release.xcconfig */;
			buildSettings = {
				ASSETCATALOG_COMPILER_APPICON_NAME = AppIcon;
				ASSETCATALOG_COMPILER_GLOBAL_ACCENT_COLOR_NAME = AccentColor;
				CODE_SIGN_STYLE = Automatic;
				CURRENT_PROJECT_VERSION = 1;
				DEVELOPMENT_TEAM = Z5W9MX2B58;
				GENERATE_INFOPLIST_FILE = YES;
				INFOPLIST_FILE = /Users/shgardi/Desktop/Home/Dalel/Dalel/Configuration/Info.plist;
				INFOPLIST_KEY_UIApplicationSupportsIndirectInputEvents = YES;
				INFOPLIST_KEY_UILaunchStoryboardName = LaunchScreen;
				INFOPLIST_KEY_UIRequiresFullScreen = YES;
				INFOPLIST_KEY_UIStatusBarHidden = YES;
				INFOPLIST_KEY_UISupportedInterfaceOrientations = UIInterfaceOrientationPortrait;
				INFOPLIST_KEY_UISupportedInterfaceOrientations_iPad = "UIInterfaceOrientationPortrait UIInterfaceOrientationPortraitUpsideDown UIInterfaceOrientationLandscapeLeft UIInterfaceOrientationLandscapeRight";
				INFOPLIST_KEY_UISupportedInterfaceOrientations_iPhone = "UIInterfaceOrientationPortrait UIInterfaceOrientationLandscapeLeft UIInterfaceOrientationLandscapeRight";
				LD_RUNPATH_SEARCH_PATHS = (
					"$(inherited)",
					"@executable_path/Frameworks",
				);
				MARKETING_VERSION = 1.0;
				PRODUCT_BUNDLE_IDENTIFIER = sharaf.Dalel;
				PRODUCT_NAME = "$(TARGET_NAME)";
				SWIFT_EMIT_LOC_STRINGS = YES;
				SWIFT_VERSION = 5.0;
				TARGETED_DEVICE_FAMILY = "1,2";
			};
			name = Release;
		};
/* End XCBuildConfiguration section */

/* Begin XCConfigurationList section */
		FF78AA3A27A579ED0099F90F /* Build configuration list for PBXProject "Dalel" */ = {
			isa = XCConfigurationList;
			buildConfigurations = (
				FF78AA5127A579EF0099F90F /* Debug */,
				FF78AA5227A579EF0099F90F /* Release */,
			);
			defaultConfigurationIsVisible = 0;
			defaultConfigurationName = Release;
		};
		FF78AA5327A579EF0099F90F /* Build configuration list for PBXNativeTarget "Dalel" */ = {
			isa = XCConfigurationList;
			buildConfigurations = (
				FF78AA5427A579EF0099F90F /* Debug */,
				FF78AA5527A579EF0099F90F /* Release */,
			);
			defaultConfigurationIsVisible = 0;
			defaultConfigurationName = Release;
		};
/* End XCConfigurationList section */
	};
	rootObject = FF78AA3727A579ED0099F90F /* Project object */;
}
